# THIS IS AN AUTOGENERATED FILE. DO NOT EDIT THIS FILE DIRECTLY.
# yarn lockfile v1


"@types/file-saver@2.x.x":
  version "2.0.1"
  resolved "https://registry.yarnpkg.com/@types/file-saver/-/file-saver-2.0.1.tgz#e18eb8b069e442f7b956d313f4fadd3ef887354e"
  integrity sha512-g1QUuhYVVAamfCifK7oB7G3aIl4BbOyzDOqVyUfEr4tfBKrXfeH+M+Tg7HKCXSrbzxYdhyCP7z9WbKo0R2hBCw==

"@types/jquery@*":
  version "3.5.3"
  resolved "https://registry.yarnpkg.com/@types/jquery/-/jquery-3.5.3.tgz#adcc647e4c675bd9ebae7fb980e9ca75d58ee8c7"
  integrity sha512-IENpHTjGksr2wQS6ZO8eMIE0tIB22Ywg+n3/yAWCa56VSZ26phcwAbFdh9+VNUWk7e83qB27QLax3Rf4G92Y9A==
  dependencies:
    "@types/sizzle" "*"

"@types/jquery@^3.3.31":
  version "3.3.31"
  resolved "https://registry.yarnpkg.com/@types/jquery/-/jquery-3.3.31.tgz#27c706e4bf488474e1cb54a71d8303f37c93451b"
  integrity sha512-Lz4BAJihoFw5nRzKvg4nawXPzutkv7wmfQ5121avptaSIXlDNJCUuxZxX/G+9EVidZGuO0UBlk+YjKbwRKJigg==
  dependencies:
    "@types/sizzle" "*"

"@types/jqueryui@1.x.x":
  version "1.12.13"
  resolved "https://registry.yarnpkg.com/@types/jqueryui/-/jqueryui-1.12.13.tgz#1aa0507b4d1a75b03592d2126fbd6d2ea8e8c284"
  integrity sha512-IIOytTkwN6mBcJqi5SP8T8zqDGKy9hIpifQ0aGj1/ZjqshOoMo0yZdLp2uLIg7mQDJOwMCSC3EY1QZC/qZzvLQ==
  dependencies:
    "@types/jquery" "*"

"@types/prop-types@*":
  version "15.7.3"
  resolved "https://registry.yarnpkg.com/@types/prop-types/-/prop-types-15.7.3.tgz#2ab0d5da2e5815f94b0b9d4b95d1e5f243ab2ca7"
  integrity sha512-KfRL3PuHmqQLOG+2tGpRO26Ctg+Cq1E01D2DMriKEATHgWLfeNDmq9e29Q9WIky0dQ3NPkd1mzYH8Lm936Z9qw==

"@types/react@^16.8.23":
  version "16.9.17"
  resolved "https://registry.yarnpkg.com/@types/react/-/react-16.9.17.tgz#58f0cc0e9ec2425d1441dd7b623421a867aa253e"
  integrity sha512-UP27In4fp4sWF5JgyV6pwVPAQM83Fj76JOcg02X5BZcpSu5Wx+fP9RMqc2v0ssBoQIFvD5JdKY41gjJJKmw6Bg==
  dependencies:
    "@types/prop-types" "*"
    csstype "^2.2.0"

"@types/requirejs@2.x.x":
  version "2.1.32"
  resolved "https://registry.yarnpkg.com/@types/requirejs/-/requirejs-2.1.32.tgz#c936a1f4b08f0a8bc10a380d7b837ccf9137d4b9"
  integrity sha512-TM8LeNLJkEKDcx2414tsU+aKX+Pcfx8siRgZJWsb16KT77TT2FxINO48dLLkx8a5fEuJYb+rcfgPcvq6vt96NQ==

"@types/rx-core-binding@*":
  version "4.0.4"
  resolved "https://registry.yarnpkg.com/@types/rx-core-binding/-/rx-core-binding-4.0.4.tgz#d969d32f15a62b89e2862c17b3ee78fe329818d3"
  integrity sha512-5pkfxnC4w810LqBPUwP5bg7SFR/USwhMSaAeZQQbEHeBp57pjKXRlXmqpMrLJB4y1oglR/c2502853uN0I+DAQ==
  dependencies:
    "@types/rx-core" "*"

"@types/rx-core@*":
  version "4.0.3"
  resolved "https://registry.yarnpkg.com/@types/rx-core/-/rx-core-4.0.3.tgz#0b3354b1238cedbe2b74f6326f139dbc7a591d60"
  integrity sha1-CzNUsSOM7b4rdPYybxOdvHpZHWA=

"@types/rx-lite-aggregates@*":
  version "4.0.3"
  resolved "https://registry.yarnpkg.com/@types/rx-lite-aggregates/-/rx-lite-aggregates-4.0.3.tgz#6efb2b7f3d5f07183a1cb2bd4b1371d7073384c2"
  integrity sha512-MAGDAHy8cRatm94FDduhJF+iNS5//jrZ/PIfm+QYw9OCeDgbymFHChM8YVIvN2zArwsRftKgE33QfRWvQk4DPg==
  dependencies:
    "@types/rx-lite" "*"

"@types/rx-lite-async@*":
  version "4.0.2"
  resolved "https://registry.yarnpkg.com/@types/rx-lite-async/-/rx-lite-async-4.0.2.tgz#27fbf0caeff029f41e2d2aae638b05e91ceb600c"
  integrity sha512-vTEv5o8l6702ZwfAM5aOeVDfUwBSDOs+ARoGmWAKQ6LOInQ8J4/zjM7ov12fuTpktUKdMQjkeCp07Vd73mPkxw==
  dependencies:
    "@types/rx-lite" "*"

"@types/rx-lite-backpressure@*":
  version "4.0.3"
  resolved "https://registry.yarnpkg.com/@types/rx-lite-backpressure/-/rx-lite-backpressure-4.0.3.tgz#05abb19bdf87cc740196c355e5d0b37bb50b5d56"
  integrity sha512-Y6aIeQCtNban5XSAF4B8dffhIKu6aAy/TXFlScHzSxh6ivfQBQw6UjxyEJxIOt3IT49YkS+siuayM2H/Q0cmgA==
  dependencies:
    "@types/rx-lite" "*"

"@types/rx-lite-coincidence@*":
  version "4.0.3"
  resolved "https://registry.yarnpkg.com/@types/rx-lite-coincidence/-/rx-lite-coincidence-4.0.3.tgz#80bd69acc4054a15cdc1638e2dc8843498cd85c0"
  integrity sha512-1VNJqzE9gALUyMGypDXZZXzR0Tt7LC9DdAZQ3Ou/Q0MubNU35agVUNXKGHKpNTba+fr8GdIdkC26bRDqtCQBeQ==
  dependencies:
    "@types/rx-lite" "*"

"@types/rx-lite-experimental@*":
  version "4.0.1"
  resolved "https://registry.yarnpkg.com/@types/rx-lite-experimental/-/rx-lite-experimental-4.0.1.tgz#c532f5cbdf3f2c15da16ded8930d1b2984023cbd"
  integrity sha1-xTL1y98/LBXaFt7Ykw0bKYQCPL0=
  dependencies:
    "@types/rx-lite" "*"

"@types/rx-lite-joinpatterns@*":
  version "4.0.1"
  resolved "https://registry.yarnpkg.com/@types/rx-lite-joinpatterns/-/rx-lite-joinpatterns-4.0.1.tgz#f70fe370518a8432f29158cc92ffb56b4e4afc3e"
  integrity sha1-9w/jcFGKhDLykVjMkv+1a05K/D4=
  dependencies:
    "@types/rx-lite" "*"

"@types/rx-lite-testing@*":
  version "4.0.1"
  resolved "https://registry.yarnpkg.com/@types/rx-lite-testing/-/rx-lite-testing-4.0.1.tgz#21b19d11f4dfd6ffef5a9d1648e9c8879bfe21e9"
  integrity sha1-IbGdEfTf1v/vWp0WSOnIh5v+Iek=
  dependencies:
    "@types/rx-lite-virtualtime" "*"

"@types/rx-lite-time@*":
  version "4.0.3"
  resolved "https://registry.yarnpkg.com/@types/rx-lite-time/-/rx-lite-time-4.0.3.tgz#0eda65474570237598f3448b845d2696f2dbb1c4"
  integrity sha512-ukO5sPKDRwCGWRZRqPlaAU0SKVxmWwSjiOrLhoQDoWxZWg6vyB9XLEZViKOzIO6LnTIQBlk4UylYV0rnhJLxQw==
  dependencies:
    "@types/rx-lite" "*"

"@types/rx-lite-virtualtime@*":
  version "4.0.3"
  resolved "https://registry.yarnpkg.com/@types/rx-lite-virtualtime/-/rx-lite-virtualtime-4.0.3.tgz#4b30cacd0fe2e53af29f04f7438584c7d3959537"
  integrity sha512-3uC6sGmjpOKatZSVHI2xB1+dedgml669ZRvqxy+WqmGJDVusOdyxcKfyzjW0P3/GrCiN4nmRkLVMhPwHCc5QLg==
  dependencies:
    "@types/rx-lite" "*"

"@types/rx-lite@*":
  version "4.0.6"
  resolved "https://registry.yarnpkg.com/@types/rx-lite/-/rx-lite-4.0.6.tgz#3c02921c4244074234f26b772241bcc20c18c253"
  integrity sha512-oYiDrFIcor9zDm0VDUca1UbROiMYBxMLMaM6qzz4ADAfOmA9r1dYEcAFH+2fsPI5BCCjPvV9pWC3X3flbrvs7w==
  dependencies:
    "@types/rx-core" "*"
    "@types/rx-core-binding" "*"

"@types/rx@^4.1.1":
  version "4.1.1"
  resolved "https://registry.yarnpkg.com/@types/rx/-/rx-4.1.1.tgz#598fc94a56baed975f194574e0f572fd8e627a48"
  integrity sha1-WY/JSla67ZdfGUV04PVy/Y5iekg=
  dependencies:
    "@types/rx-core" "*"
    "@types/rx-core-binding" "*"
    "@types/rx-lite" "*"
    "@types/rx-lite-aggregates" "*"
    "@types/rx-lite-async" "*"
    "@types/rx-lite-backpressure" "*"
    "@types/rx-lite-coincidence" "*"
    "@types/rx-lite-experimental" "*"
    "@types/rx-lite-joinpatterns" "*"
    "@types/rx-lite-testing" "*"
    "@types/rx-lite-time" "*"
    "@types/rx-lite-virtualtime" "*"

"@types/sizzle@*":
  version "2.3.2"
  resolved "https://registry.yarnpkg.com/@types/sizzle/-/sizzle-2.3.2.tgz#a811b8c18e2babab7d542b3365887ae2e4d9de47"
  integrity sha512-7EJYyKTL7tFR8+gDbB6Wwz/arpGa0Mywk1TJbNzKzHtzbwVmY4HR9WqS5VV7dsBUKQmPNr192jHr/VpBluj/hg==

balanced-match@^1.0.0:
  version "1.0.0"
  resolved "https://registry.yarnpkg.com/balanced-match/-/balanced-match-1.0.0.tgz#89b4d199ab2bee49de164ea02b89ce462d71b767"
  integrity sha1-ibTRmasr7kneFk6gK4nORi1xt2c=

brace-expansion@^1.1.7:
  version "1.1.11"
  resolved "https://registry.yarnpkg.com/brace-expansion/-/brace-expansion-1.1.11.tgz#3c7fcbf529d87226f3d2f52b966ff5271eb441dd"
  integrity sha512-iCuPHDFgrHX7H2vEI/5xpz07zSHB00TpugqhmYtVmMO6518mCuRMoOYFldEBl0g187ufozdaHgWKcYFb61qGiA==
  dependencies:
    balanced-match "^1.0.0"
    concat-map "0.0.1"

concat-map@0.0.1:
  version "0.0.1"
  resolved "https://registry.yarnpkg.com/concat-map/-/concat-map-0.0.1.tgz#d8a96bd77fd68df7793a73036a3ba0d5405d477b"
  integrity sha1-2Klr13/Wjfd5OnMDajug1UBdR3s=

csstype@^2.2.0:
  version "2.6.8"
  resolved "https://registry.yarnpkg.com/csstype/-/csstype-2.6.8.tgz#0fb6fc2417ffd2816a418c9336da74d7f07db431"
  integrity sha512-msVS9qTuMT5zwAGCVm4mxfrZ18BNc6Csd0oJAtiFMZ1FAx1CCvy2+5MDmYoix63LM/6NDbNtodCiGYGmFgO0dA==

exit@^0.1.2:
  version "0.1.2"
  resolved "https://registry.yarnpkg.com/exit/-/exit-0.1.2.tgz#0632638f8d877cc82107d30a0fff1a17cba1cd0c"
  integrity sha1-BjJjj42HfMghB9MKD/8aF8uhzQw=

file-saver@2.x.x:
  version "2.0.2"
  resolved "https://registry.yarnpkg.com/file-saver/-/file-saver-2.0.2.tgz#06d6e728a9ea2df2cce2f8d9e84dfcdc338ec17a"
  integrity sha512-Wz3c3XQ5xroCxd1G8b7yL0Ehkf0TC9oYC6buPFkNnU9EnaPlifeAFCyCh+iewXTyFRcg0a6j3J7FmJsIhlhBdw==

file-saver@~1.3.3:
  version "1.3.8"
  resolved "https://registry.yarnpkg.com/file-saver/-/file-saver-1.3.8.tgz#e68a30c7cb044e2fb362b428469feb291c2e09d8"
  integrity sha512-spKHSBQIxxS81N/O21WmuXA2F6wppUCsutpzenOeZzOCCJ5gEfcbqJP983IrpLXzYmXnMUa6J03SubcNPdKrlg==

fs.realpath@^1.0.0:
  version "1.0.0"
  resolved "https://registry.yarnpkg.com/fs.realpath/-/fs.realpath-1.0.0.tgz#1504ad2523158caa40db4a2787cb01411994ea4f"
  integrity sha1-FQStJSMVjKpA20onh8sBQRmU6k8=

glob@^7.0.6:
  version "7.1.6"
  resolved "https://registry.yarnpkg.com/glob/-/glob-7.1.6.tgz#141f33b81a7c2492e125594307480c46679278a6"
  integrity sha512-LwaxwyZ72Lk7vZINtNNrywX0ZuLyStrdDtabefZKAY5ZGJhVtgdznluResxNmPitE0SAO+O26sWTHeKSI2wMBA==
  dependencies:
    fs.realpath "^1.0.0"
    inflight "^1.0.4"
    inherits "2"
    minimatch "^3.0.4"
    once "^1.3.0"
    path-is-absolute "^1.0.0"

inflight@^1.0.4:
  version "1.0.6"
  resolved "https://registry.yarnpkg.com/inflight/-/inflight-1.0.6.tgz#49bd6331d7d02d0c09bc910a1075ba8165b56df9"
  integrity sha1-Sb1jMdfQLQwJvJEKEHW6gWW1bfk=
  dependencies:
    once "^1.3.0"
    wrappy "1"

inherits@2:
  version "2.0.4"
  resolved "https://registry.yarnpkg.com/inherits/-/inherits-2.0.4.tgz#0fa2c64f932917c3433a0ded55363aae37416b7c"
  integrity sha512-k/vGaX4/Yla3WzyMCvTQOXYeIHvqOKtnqBduzTHpzpQZzAskKMhZ2K+EnBiSM9zGSoIFeMpXKxa4dYeZIQqewQ==

interactive-data-display@^1.5.38:
  version "1.5.38"
  resolved "https://registry.yarnpkg.com/interactive-data-display/-/interactive-data-display-1.5.38.tgz#f5b189f87a1b38ceec0643eef655c7d18a14fdff"
  integrity sha512-oT+JVGrFnPuzXsD7HuNJyGwmlQAwTzmdVG/ih9h7HJTlLz0MfDfcYrgJYoIC54Jl1NrLbdb+MrnLnKoqwT4rmQ==
  dependencies:
    file-saver "~1.3.3"
    jasmine "~2.99.0"
    jquery "~3.4.0"
    jquery-mousewheel "~3.1.13"
    jqueryui "~1.11.1"
    npm-modernizr "^2.8.3"
    require-css "~0.1.8"
    requirejs "~2.1.22"
    rx "~4.1.0"
    svg.js "~2.7"

interactive-data-display@^1.5.39:
  version "1.5.39"
  resolved "https://registry.yarnpkg.com/interactive-data-display/-/interactive-data-display-1.5.39.tgz#9220a49fb241f55d92da01d28d1d88db94e9d92e"
  integrity sha512-ACKFXYPN9ZwF6Je3hf+2lJtA5WNKcgSELNGx50bpe9dtsRGJ528u5RV2qS6BqDiacpx7whFffONn3lHUDXAgUQ==
  dependencies:
    file-saver "~1.3.3"
    jasmine "~2.99.0"
    jquery "~3.4.0"
    jquery-mousewheel "~3.1.13"
    jquery-ui "~1.12.1"
    npm-modernizr "^2.8.3"
    require-css "~0.1.8"
    requirejs "~2.1.22"
    rx "~4.1.0"
    svg.js "~2.7"

jasmine-core@~2.99.0:
  version "2.99.1"
  resolved "https://registry.yarnpkg.com/jasmine-core/-/jasmine-core-2.99.1.tgz#e6400df1e6b56e130b61c4bcd093daa7f6e8ca15"
  integrity sha1-5kAN8ea1bhMLYcS80JPap/boyhU=

jasmine@~2.99.0:
  version "2.99.0"
  resolved "https://registry.yarnpkg.com/jasmine/-/jasmine-2.99.0.tgz#8ca72d102e639b867c6489856e0e18a9c7aa42b7"
  integrity sha1-jKctEC5jm4Z8ZImFbg4YqceqQrc=
  dependencies:
    exit "^0.1.2"
    glob "^7.0.6"
    jasmine-core "~2.99.0"

jquery-mousewheel@3.x.x, jquery-mousewheel@~3.1.13:
  version "3.1.13"
  resolved "https://registry.yarnpkg.com/jquery-mousewheel/-/jquery-mousewheel-3.1.13.tgz#06f0335f16e353a695e7206bf50503cb523a6ee5"
  integrity sha1-BvAzXxbjU6aV5yBr9QUDy1I6buU=

jquery-ui@~1.12.1:
  version "1.12.1"
  resolved "https://registry.yarnpkg.com/jquery-ui/-/jquery-ui-1.12.1.tgz#bcb4045c8dd0539c134bc1488cdd3e768a7a9e51"
  integrity sha1-vLQEXI3QU5wTS8FIjN0+dop6nlE=

jquery@^3.4.0, jquery@~3.4.0:
  version "3.4.1"
  resolved "https://registry.yarnpkg.com/jquery/-/jquery-3.4.1.tgz#714f1f8d9dde4bdfa55764ba37ef214630d80ef2"
  integrity sha512-36+AdBzCL+y6qjw5Tx7HgzeGCzC81MDDgaUP8ld2zhx58HdqXGoBd+tHdrBMiyjGQs0Hxs/MLZTu/eHNJJuWPw==

jqueryui@~1.11.1:
  version "1.11.1"
  resolved "https://registry.yarnpkg.com/jqueryui/-/jqueryui-1.11.1.tgz#8718550705f5568d1199196169094db73b2291bc"
  integrity sha1-hxhVBwX1Vo0RmRlhaQlNtzsikbw=

"js-tokens@^3.0.0 || ^4.0.0":
  version "4.0.0"
  resolved "https://registry.yarnpkg.com/js-tokens/-/js-tokens-4.0.0.tgz#19203fb59991df98e3a287050d4647cdeaf32499"
  integrity sha512-RdJUflcE3cUzKiMqQgsCu06FPu9UdIJO0beYbPhHN4k6apgJtifcoCtT9bcxOpYBtpD2kCM6Sbzg4CausW/PKQ==

loose-envify@^1.1.0:
  version "1.4.0"
  resolved "https://registry.yarnpkg.com/loose-envify/-/loose-envify-1.4.0.tgz#71ee51fa7be4caec1a63839f7e682d8132d30caf"
  integrity sha512-lyuxPGr/Wfhrlem2CL/UcnUc1zcqKAImBDzukY7Y5F/yQiNdko6+fRLevlw1HgMySw7f611UIY408EtxRSoK3Q==
  dependencies:
    js-tokens "^3.0.0 || ^4.0.0"

minimatch@^3.0.4:
  version "3.0.4"
  resolved "https://registry.yarnpkg.com/minimatch/-/minimatch-3.0.4.tgz#5166e286457f03306064be5497e8dbb0c3d32083"
  integrity sha512-yJHVQEhyqPLUTgt9B83PXu6W3rx4MvvHvSUvToogpwoGDOUQ+yDrR0HRot+yOCdCO7u4hX3pWft6kWBBcqh0UA==
  dependencies:
    brace-expansion "^1.1.7"

msagljs@../../HTML5SharedGUI/MSAGL_JS:
  version "0.2.2"
  dependencies:
    "@types/file-saver" "2.x.x"
    "@types/jquery" "^3.3.31"
    "@types/jqueryui" "1.x.x"
    "@types/react" "^16.8.23"
    "@types/requirejs" "2.x.x"
    "@types/rx" "^4.1.1"
    file-saver "2.x.x"
    interactive-data-display "^1.5.39"
    jquery "^3.4.0"
    jquery-mousewheel "3.x.x"
    typescript "^3.5.3"

npm-modernizr@^2.8.3:
  version "2.8.3"
  resolved "https://registry.yarnpkg.com/npm-modernizr/-/npm-modernizr-2.8.3.tgz#f6ae12112faae3d173ea7e8a45fda80e7a8823ed"
  integrity sha1-9q4SES+q49Fz6n6KRf2oDnqII+0=

object-assign@^4.1.1:
  version "4.1.1"
  resolved "https://registry.yarnpkg.com/object-assign/-/object-assign-4.1.1.tgz#2109adc7965887cfc05cbbd442cac8bfbb360863"
  integrity sha1-IQmtx5ZYh8/AXLvUQsrIv7s2CGM=

once@^1.3.0:
  version "1.4.0"
  resolved "https://registry.yarnpkg.com/once/-/once-1.4.0.tgz#583b1aa775961d4b113ac17d9c50baef9dd76bd1"
  integrity sha1-WDsap3WWHUsROsF9nFC6753Xa9E=
  dependencies:
    wrappy "1"

path-is-absolute@^1.0.0:
  version "1.0.1"
  resolved "https://registry.yarnpkg.com/path-is-absolute/-/path-is-absolute-1.0.1.tgz#174b9268735534ffbc7ace6bf53a5a9e1b5c5f5f"
  integrity sha1-F0uSaHNVNP+8es5r9TpanhtcX18=

react@^17.0.1:
  version "17.0.1"
  resolved "https://registry.yarnpkg.com/react/-/react-17.0.1.tgz#6e0600416bd57574e3f86d92edba3d9008726127"
  integrity sha512-lG9c9UuMHdcAexXtigOZLX8exLWkW0Ku29qPRU8uhF2R9BN96dLCt0psvzPLlHc5OWkgymP3qwTRgbnw5BKx3w==
  dependencies:
    loose-envify "^1.1.0"
    object-assign "^4.1.1"

require-css@~0.1.8:
  version "0.1.10"
  resolved "https://registry.yarnpkg.com/require-css/-/require-css-0.1.10.tgz#f1db8c6cfb2ad2a3a7409166cc6cf99b0d3f4502"
  integrity sha1-8duMbPsq0qOnQJFmzGz5mw0/RQI=

requirejs@~2.1.22:
  version "2.1.22"
  resolved "https://registry.yarnpkg.com/requirejs/-/requirejs-2.1.22.tgz#dd78fd2d34180c0d62c724b5b8aebc0664e0366f"
  integrity sha1-3Xj9LTQYDA1ixyS1uK68BmTgNm8=

rx@^4.1.0, rx@~4.1.0:
  version "4.1.0"
  resolved "https://registry.yarnpkg.com/rx/-/rx-4.1.0.tgz#a5f13ff79ef3b740fe30aa803fb09f98805d4782"
  integrity sha1-pfE/957zt0D+MKqAP7CfmIBdR4I=

svg.js@~2.7:
  version "2.7.1"
  resolved "https://registry.yarnpkg.com/svg.js/-/svg.js-2.7.1.tgz#eb977ed4737001eab859949b4a398ee1bb79948d"
  integrity sha512-ycbxpizEQktk3FYvn/8BH+6/EuWXg7ZpQREJvgacqn46gIddG24tNNe4Son6omdXCnSOaApnpZw6MPCBA1dODA==

typescript@^3.5.3:
  version "3.7.4"
  resolved "https://registry.yarnpkg.com/typescript/-/typescript-3.7.4.tgz#1743a5ec5fef6a1fa9f3e4708e33c81c73876c19"
  integrity sha512-A25xv5XCtarLwXpcDNZzCGvW2D1S3/bACratYBx2sax8PefsFhlYmkQicKHvpYflFS8if4zne5zT5kpJ7pzuvw==

wrappy@1:
  version "1.0.2"
  resolved "https://registry.yarnpkg.com/wrappy/-/wrappy-1.0.2.tgz#b5243d8f3ec1aa35f1364605bc0d1036e30ab69f"
  integrity sha1-tSQ9jz7BqjXxNkYFvA0QNuMKtp8=
