
Microsoft Visual Studio Solution File, Format Version 12.00
# Visual Studio 15
VisualStudioVersion = 15.0.28307.106
MinimumVisualStudioVersion = 10.0.40219.1
Project("{6EC3EE1D-3C4E-46DD-8F32-0CC8E7565705}") = "SiteGraphReactorJS", "SiteGraphReactorJS\SiteGraphReactorJS.fsproj", "{E7457C45-ABDE-4DF5-B7A2-D396D2825B2C}"
EndProject
Project("{6EC3EE1D-3C4E-46DD-8F32-0CC8E7565705}") = "ParserCombinatorsJS", "..\ParserCombinators\ParserCombinatorsJS\ParserCombinatorsJS.fsproj", "{2EED2DFA-7D94-4E12-ADC5-455FC9F85BF9}"
EndProject
Project("{6EC3EE1D-3C4E-46DD-8F32-0CC8E7565705}") = "SiteGraphCRNJS", "SiteGraphCRNJS\SiteGraphCRNJS.fsproj", "{82903A27-E535-4D30-8449-2AD9D2A9769E}"
EndProject
Project("{6EC3EE1D-3C4E-46DD-8F32-0CC8E7565705}") = "CRNEngineJS", "..\CRNEngine\CRNEngineJS\CRNEngineJS.fsproj", "{836AF075-6448-4CD9-8020-434B963FF5E2}"
EndProject
Project("{6EC3EE1D-3C4E-46DD-8F32-0CC8E7565705}") = "Filzbach.FSharp.JS", "..\Filzbach.FSharp.JS\Filzbach.FSharp.JS.fsproj", "{4DF94589-6870-4A4C-BFAE-5825EF4634E7}"
EndProject
Project("{FAE04EC0-301F-11D3-BF4B-00C04F79EFBC}") = "SiteGraphReactorTSWrapper", "SiteGraphReactorTSWrapper\SiteGraphReactorTSWrapper.csproj", "{8AC1E8EB-E9A2-45DC-9E07-15398B4362B1}"
	ProjectSection(ProjectDependencies) = postProject
		{FB1F1936-AC22-41B4-AF2F-E20A486E3416} = {FB1F1936-AC22-41B4-AF2F-E20A486E3416}
	EndProjectSection
EndProject
Project("{FAE04EC0-301F-11D3-BF4B-00C04F79EFBC}") = "CRNEngineTSWrapper", "..\CRNEngine\CRNEngineTSWrapper\CRNEngineTSWrapper.csproj", "{FB1F1936-AC22-41B4-AF2F-E20A486E3416}"
EndProject
Project("{6EC3EE1D-3C4E-46DD-8F32-0CC8E7565705}") = "ReactionDiffusionJS", "..\PDESolvers\ReactionDiffusionJS\ReactionDiffusionJS.fsproj", "{1CF4EE5A-8217-4D9A-89DE-55F8D01ACD40}"
EndProject
Global
	GlobalSection(SolutionConfigurationPlatforms) = preSolution
		Debug|Any CPU = Debug|Any CPU
		Release|Any CPU = Release|Any CPU
	EndGlobalSection
	GlobalSection(ProjectConfigurationPlatforms) = postSolution
		{E7457C45-ABDE-4DF5-B7A2-D396D2825B2C}.Debug|Any CPU.ActiveCfg = Debug|Any CPU
		{E7457C45-ABDE-4DF5-B7A2-D396D2825B2C}.Debug|Any CPU.Build.0 = Debug|Any CPU
		{E7457C45-ABDE-4DF5-B7A2-D396D2825B2C}.Release|Any CPU.ActiveCfg = Release|Any CPU
		{E7457C45-ABDE-4DF5-B7A2-D396D2825B2C}.Release|Any CPU.Build.0 = Release|Any CPU
		{2EED2DFA-7D94-4E12-ADC5-455FC9F85BF9}.Debug|Any CPU.ActiveCfg = Debug|Any CPU
		{2EED2DFA-7D94-4E12-ADC5-455FC9F85BF9}.Debug|Any CPU.Build.0 = Debug|Any CPU
		{2EED2DFA-7D94-4E12-ADC5-455FC9F85BF9}.Release|Any CPU.ActiveCfg = Release|Any CPU
		{2EED2DFA-7D94-4E12-ADC5-455FC9F85BF9}.Release|Any CPU.Build.0 = Release|Any CPU
		{82903A27-E535-4D30-8449-2AD9D2A9769E}.Debug|Any CPU.ActiveCfg = Debug|Any CPU
		{82903A27-E535-4D30-8449-2AD9D2A9769E}.Debug|Any CPU.Build.0 = Debug|Any CPU
		{82903A27-E535-4D30-8449-2AD9D2A9769E}.Release|Any CPU.ActiveCfg = Release|Any CPU
		{82903A27-E535-4D30-8449-2AD9D2A9769E}.Release|Any CPU.Build.0 = Release|Any CPU
		{836AF075-6448-4CD9-8020-434B963FF5E2}.Debug|Any CPU.ActiveCfg = Debug|Any CPU
		{836AF075-6448-4CD9-8020-434B963FF5E2}.Debug|Any CPU.Build.0 = Debug|Any CPU
		{836AF075-6448-4CD9-8020-434B963FF5E2}.Release|Any CPU.ActiveCfg = Release|Any CPU
		{836AF075-6448-4CD9-8020-434B963FF5E2}.Release|Any CPU.Build.0 = Release|Any CPU
		{4DF94589-6870-4A4C-BFAE-5825EF4634E7}.Debug|Any CPU.ActiveCfg = Debug|Any CPU
		{4DF94589-6870-4A4C-BFAE-5825EF4634E7}.Debug|Any CPU.Build.0 = Debug|Any CPU
		{4DF94589-6870-4A4C-BFAE-5825EF4634E7}.Release|Any CPU.ActiveCfg = Release|Any CPU
		{4DF94589-6870-4A4C-BFAE-5825EF4634E7}.Release|Any CPU.Build.0 = Release|Any CPU
		{8AC1E8EB-E9A2-45DC-9E07-15398B4362B1}.Debug|Any CPU.ActiveCfg = Debug|Any CPU
		{8AC1E8EB-E9A2-45DC-9E07-15398B4362B1}.Debug|Any CPU.Build.0 = Debug|Any CPU
		{8AC1E8EB-E9A2-45DC-9E07-15398B4362B1}.Release|Any CPU.ActiveCfg = Release|Any CPU
		{8AC1E8EB-E9A2-45DC-9E07-15398B4362B1}.Release|Any CPU.Build.0 = Release|Any CPU
		{FB1F1936-AC22-41B4-AF2F-E20A486E3416}.Debug|Any CPU.ActiveCfg = Debug|Any CPU
		{FB1F1936-AC22-41B4-AF2F-E20A486E3416}.Debug|Any CPU.Build.0 = Debug|Any CPU
		{FB1F1936-AC22-41B4-AF2F-E20A486E3416}.Release|Any CPU.ActiveCfg = Release|Any CPU
		{FB1F1936-AC22-41B4-AF2F-E20A486E3416}.Release|Any CPU.Build.0 = Release|Any CPU
		{1CF4EE5A-8217-4D9A-89DE-55F8D01ACD40}.Debug|Any CPU.ActiveCfg = Debug|Any CPU
		{1CF4EE5A-8217-4D9A-89DE-55F8D01ACD40}.Debug|Any CPU.Build.0 = Debug|Any CPU
		{1CF4EE5A-8217-4D9A-89DE-55F8D01ACD40}.Release|Any CPU.ActiveCfg = Release|Any CPU
		{1CF4EE5A-8217-4D9A-89DE-55F8D01ACD40}.Release|Any CPU.Build.0 = Release|Any CPU
	EndGlobalSection
	GlobalSection(SolutionProperties) = preSolution
		HideSolutionNode = FALSE
	EndGlobalSection
	GlobalSection(ExtensibilityGlobals) = postSolution
		SolutionGuid = {92A8D16D-A137-4D6C-97B6-47E7A02D9117}
	EndGlobalSection
EndGlobal
