
Microsoft Visual Studio Solution File, Format Version 12.00
# Visual Studio Version 16
VisualStudioVersion = 16.0.29709.97
MinimumVisualStudioVersion = 10.0.40219.1
Project("{9A19103F-16F7-4668-BE54-9A1E7A4F7556}") = "MSAGL_JS", "..\HTML5SharedGUI\MSAGL_JS\MSAGL_JS.csproj", "{2F3B8603-CFF1-4946-B242-6F848801B49A}"
EndProject
Project("{9A19103F-16F7-4668-BE54-9A1E7A4F7556}") = "CodeEditor", "..\HTML5SharedGUI\CodeEditor\CodeEditor.csproj", "{B234C1D7-96F4-40A2-A323-3B18646BF95C}"
EndProject
Project("{9A19103F-16F7-4668-BE54-9A1E7A4F7556}") = "CRNComponent", "..\HTML5SharedGUI\CRNComponent\CRNComponent.csproj", "{6DF7A0C1-2048-4A51-8599-E1C0B958A5E2}"
EndProject
Project("{9A19103F-16F7-4668-BE54-9A1E7A4F7556}") = "InferenceViewer", "..\HTML5SharedGUI\InferenceViewer\InferenceViewer.csproj", "{179FDF3E-67B8-4E2F-9089-650BB1319AF2}"
EndProject
Project("{9A19103F-16F7-4668-BE54-9A1E7A4F7556}") = "SimulationViewer", "..\HTML5SharedGUI\SimulationViewer\SimulationViewer.csproj", "{0ECCE305-85C0-403F-A980-EEB9379BD5A4}"
EndProject
Project("{6EC3EE1D-3C4E-46DD-8F32-0CC8E7565705}") = "CRNEngineJS", "..\CRNEngine\CRNEngineJS\CRNEngineJS.fsproj", "{836AF075-6448-4CD9-8020-434B963FF5E2}"
EndProject
Project("{6EC3EE1D-3C4E-46DD-8F32-0CC8E7565705}") = "Filzbach.FSharp.JS", "..\Filzbach.FSharp.JS\Filzbach.FSharp.JS.fsproj", "{4DF94589-6870-4A4C-BFAE-5825EF4634E7}"
EndProject
Project("{6EC3EE1D-3C4E-46DD-8F32-0CC8E7565705}") = "ParserCombinatorsJS", "..\ParserCombinators\ParserCombinatorsJS\ParserCombinatorsJS.fsproj", "{2EED2DFA-7D94-4E12-ADC5-455FC9F85BF9}"
EndProject
Project("{9A19103F-16F7-4668-BE54-9A1E7A4F7556}") = "CRNEngineTSWrapper", "..\CRNEngine\CRNEngineTSWrapper\CRNEngineTSWrapper.csproj", "{FB1F1936-AC22-41B4-AF2F-E20A486E3416}"
EndProject
Project("{9A19103F-16F7-4668-BE54-9A1E7A4F7556}") = "ClassicDSDTSWrapper", "ClassicDSDTSWrapper\ClassicDSDTSWrapper.csproj", "{E173BAFA-92AD-49E1-9408-07F4031B5E98}"
	ProjectSection(ProjectDependencies) = postProject
		{EBEC2223-6CA3-47C0-B601-30A33F2444C5} = {EBEC2223-6CA3-47C0-B601-30A33F2444C5}
		{FB1F1936-AC22-41B4-AF2F-E20A486E3416} = {FB1F1936-AC22-41B4-AF2F-E20A486E3416}
		{836AF075-6448-4CD9-8020-434B963FF5E2} = {836AF075-6448-4CD9-8020-434B963FF5E2}
	EndProjectSection
EndProject
Project("{9A19103F-16F7-4668-BE54-9A1E7A4F7556}") = "ClassicDSDHTML5", "ClassicDSDHTML5\ClassicDSDHTML5.csproj", "{F748FB2C-C6EC-446B-BC12-559EE16368DE}"
	ProjectSection(ProjectDependencies) = postProject
		{FB1F1936-AC22-41B4-AF2F-E20A486E3416} = {FB1F1936-AC22-41B4-AF2F-E20A486E3416}
		{E173BAFA-92AD-49E1-9408-07F4031B5E98} = {E173BAFA-92AD-49E1-9408-07F4031B5E98}
	EndProjectSection
EndProject
Project("{9A19103F-16F7-4668-BE54-9A1E7A4F7556}") = "HTML5DSD_Generic", "..\HTML5SharedGUI\HTML5DSD_Generic\HTML5DSD_Generic.csproj", "{C8AE8A28-89AD-4048-8302-D144C205360D}"
EndProject
Project("{6EC3EE1D-3C4E-46DD-8F32-0CC8E7565705}") = "ReactionDiffusionJS", "..\PDESolvers\ReactionDiffusionJS\ReactionDiffusionJS.fsproj", "{1CF4EE5A-8217-4D9A-89DE-55F8D01ACD40}"
EndProject
Project("{9A19103F-16F7-4668-BE54-9A1E7A4F7556}") = "ClassicDSDTSWrapper_Samples", "ClassicDSDTSWrapper_Samples\ClassicDSDTSWrapper_Samples.csproj", "{3574F603-4B6C-4A30-BFDD-E3BC09EEDFDF}"
EndProject
Project("{9A19103F-16F7-4668-BE54-9A1E7A4F7556}") = "HTML5CRN_Lib", "..\HTML5SharedGUI\HTML5CRN_Lib\HTML5CRN_Lib.csproj", "{B4C3F008-B6CA-4D63-9B98-6AC2D97B4E9B}"
EndProject
Project("{6EC3EE1D-3C4E-46DD-8F32-0CC8E7565705}") = "RulesDSDJS", "..\RulesDSD\RulesDSDJS\RulesDSDJS.fsproj", "{D87A9FEA-25F5-4E93-8C50-F540E20C5BE0}"
EndProject
Project("{6EC3EE1D-3C4E-46DD-8F32-0CC8E7565705}") = "ClassicDSDJS", "ClassicDSDJS\ClassicDSDJS.fsproj", "{EBEC2223-6CA3-47C0-B601-30A33F2444C5}"
EndProject
Project("{6EC3EE1D-3C4E-46DD-8F32-0CC8E7565705}") = "ClassicDSDBrowserIntegrationTests", "ClassicDSDBrowserIntegrationTests\ClassicDSDBrowserIntegrationTests.fsproj", "{F1BDB4A8-A5F5-444C-AA15-19D944FE1BC0}"
EndProject
Project("{9A19103F-16F7-4668-BE54-9A1E7A4F7556}") = "GenericComponents", "..\HTML5SharedGUI\GenericComponents\GenericComponents.csproj", "{339468FF-B5C6-4870-BDE3-4861BA69F517}"
EndProject
Project("{6EC3EE1D-3C4E-46DD-8F32-0CC8E7565705}") = "CRNIntegrationTestLib", "..\CRNEngine\CRNIntegrationTestLib\CRNIntegrationTestLib.fsproj", "{63622E87-2572-4C3B-A6F1-1C5142C301AF}"
EndProject
Project("{6EC3EE1D-3C4E-46DD-8F32-0CC8E7565705}") = "Oslo.FSharp.WebSharper", "..\Oslo\Oslo.FSharp.WebSharper\Oslo.FSharp.WebSharper.fsproj", "{C873802D-E33F-4E84-844A-C21DC3B7788D}"
EndProject
Global
	GlobalSection(SolutionConfigurationPlatforms) = preSolution
		Debug|x64 = Debug|x64
		Release|x64 = Release|x64
	EndGlobalSection
	GlobalSection(ProjectConfigurationPlatforms) = postSolution
		{2F3B8603-CFF1-4946-B242-6F848801B49A}.Debug|Any CPU.ActiveCfg = Debug|Any CPU
		{2F3B8603-CFF1-4946-B242-6F848801B49A}.Debug|Any CPU.Build.0 = Debug|Any CPU
		{2F3B8603-CFF1-4946-B242-6F848801B49A}.Debug|x64.ActiveCfg = Debug|Any CPU
		{2F3B8603-CFF1-4946-B242-6F848801B49A}.Debug|x64.Build.0 = Debug|Any CPU
		{2F3B8603-CFF1-4946-B242-6F848801B49A}.Release|Any CPU.ActiveCfg = Release|Any CPU
		{2F3B8603-CFF1-4946-B242-6F848801B49A}.Release|Any CPU.Build.0 = Release|Any CPU
		{2F3B8603-CFF1-4946-B242-6F848801B49A}.Release|x64.ActiveCfg = Release|Any CPU
		{2F3B8603-CFF1-4946-B242-6F848801B49A}.Release|x64.Build.0 = Release|Any CPU
		{B234C1D7-96F4-40A2-A323-3B18646BF95C}.Debug|Any CPU.ActiveCfg = Debug|Any CPU
		{B234C1D7-96F4-40A2-A323-3B18646BF95C}.Debug|Any CPU.Build.0 = Debug|Any CPU
		{B234C1D7-96F4-40A2-A323-3B18646BF95C}.Debug|x64.ActiveCfg = Debug|Any CPU
		{B234C1D7-96F4-40A2-A323-3B18646BF95C}.Debug|x64.Build.0 = Debug|Any CPU
		{B234C1D7-96F4-40A2-A323-3B18646BF95C}.Release|Any CPU.ActiveCfg = Release|Any CPU
		{B234C1D7-96F4-40A2-A323-3B18646BF95C}.Release|Any CPU.Build.0 = Release|Any CPU
		{B234C1D7-96F4-40A2-A323-3B18646BF95C}.Release|x64.ActiveCfg = Release|Any CPU
		{B234C1D7-96F4-40A2-A323-3B18646BF95C}.Release|x64.Build.0 = Release|Any CPU
		{6DF7A0C1-2048-4A51-8599-E1C0B958A5E2}.Debug|Any CPU.ActiveCfg = Debug|Any CPU
		{6DF7A0C1-2048-4A51-8599-E1C0B958A5E2}.Debug|Any CPU.Build.0 = Debug|Any CPU
		{6DF7A0C1-2048-4A51-8599-E1C0B958A5E2}.Debug|x64.ActiveCfg = Debug|Any CPU
		{6DF7A0C1-2048-4A51-8599-E1C0B958A5E2}.Debug|x64.Build.0 = Debug|Any CPU
		{6DF7A0C1-2048-4A51-8599-E1C0B958A5E2}.Release|Any CPU.ActiveCfg = Release|Any CPU
		{6DF7A0C1-2048-4A51-8599-E1C0B958A5E2}.Release|Any CPU.Build.0 = Release|Any CPU
		{6DF7A0C1-2048-4A51-8599-E1C0B958A5E2}.Release|x64.ActiveCfg = Release|Any CPU
		{6DF7A0C1-2048-4A51-8599-E1C0B958A5E2}.Release|x64.Build.0 = Release|Any CPU
		{179FDF3E-67B8-4E2F-9089-650BB1319AF2}.Debug|Any CPU.ActiveCfg = Debug|Any CPU
		{179FDF3E-67B8-4E2F-9089-650BB1319AF2}.Debug|Any CPU.Build.0 = Debug|Any CPU
		{179FDF3E-67B8-4E2F-9089-650BB1319AF2}.Debug|x64.ActiveCfg = Debug|Any CPU
		{179FDF3E-67B8-4E2F-9089-650BB1319AF2}.Debug|x64.Build.0 = Debug|Any CPU
		{179FDF3E-67B8-4E2F-9089-650BB1319AF2}.Release|Any CPU.ActiveCfg = Release|Any CPU
		{179FDF3E-67B8-4E2F-9089-650BB1319AF2}.Release|Any CPU.Build.0 = Release|Any CPU
		{179FDF3E-67B8-4E2F-9089-650BB1319AF2}.Release|x64.ActiveCfg = Release|Any CPU
		{179FDF3E-67B8-4E2F-9089-650BB1319AF2}.Release|x64.Build.0 = Release|Any CPU
		{0ECCE305-85C0-403F-A980-EEB9379BD5A4}.Debug|Any CPU.ActiveCfg = Debug|Any CPU
		{0ECCE305-85C0-403F-A980-EEB9379BD5A4}.Debug|Any CPU.Build.0 = Debug|Any CPU
		{0ECCE305-85C0-403F-A980-EEB9379BD5A4}.Debug|x64.ActiveCfg = Debug|Any CPU
		{0ECCE305-85C0-403F-A980-EEB9379BD5A4}.Debug|x64.Build.0 = Debug|Any CPU
		{0ECCE305-85C0-403F-A980-EEB9379BD5A4}.Release|Any CPU.ActiveCfg = Release|Any CPU
		{0ECCE305-85C0-403F-A980-EEB9379BD5A4}.Release|Any CPU.Build.0 = Release|Any CPU
		{0ECCE305-85C0-403F-A980-EEB9379BD5A4}.Release|x64.ActiveCfg = Release|Any CPU
		{0ECCE305-85C0-403F-A980-EEB9379BD5A4}.Release|x64.Build.0 = Release|Any CPU
		{836AF075-6448-4CD9-8020-434B963FF5E2}.Debug|Any CPU.ActiveCfg = Debug|Any CPU
		{836AF075-6448-4CD9-8020-434B963FF5E2}.Debug|Any CPU.Build.0 = Debug|Any CPU
		{836AF075-6448-4CD9-8020-434B963FF5E2}.Debug|x64.ActiveCfg = Debug|Any CPU
		{836AF075-6448-4CD9-8020-434B963FF5E2}.Debug|x64.Build.0 = Debug|Any CPU
		{836AF075-6448-4CD9-8020-434B963FF5E2}.Release|Any CPU.ActiveCfg = Release|Any CPU
		{836AF075-6448-4CD9-8020-434B963FF5E2}.Release|Any CPU.Build.0 = Release|Any CPU
		{836AF075-6448-4CD9-8020-434B963FF5E2}.Release|x64.ActiveCfg = Release|Any CPU
		{836AF075-6448-4CD9-8020-434B963FF5E2}.Release|x64.Build.0 = Release|Any CPU
		{4DF94589-6870-4A4C-BFAE-5825EF4634E7}.Debug|Any CPU.ActiveCfg = Debug|Any CPU
		{4DF94589-6870-4A4C-BFAE-5825EF4634E7}.Debug|Any CPU.Build.0 = Debug|Any CPU
		{4DF94589-6870-4A4C-BFAE-5825EF4634E7}.Debug|x64.ActiveCfg = Debug|Any CPU
		{4DF94589-6870-4A4C-BFAE-5825EF4634E7}.Debug|x64.Build.0 = Debug|Any CPU
		{4DF94589-6870-4A4C-BFAE-5825EF4634E7}.Release|Any CPU.ActiveCfg = Release|Any CPU
		{4DF94589-6870-4A4C-BFAE-5825EF4634E7}.Release|Any CPU.Build.0 = Release|Any CPU
		{4DF94589-6870-4A4C-BFAE-5825EF4634E7}.Release|x64.ActiveCfg = Release|Any CPU
		{4DF94589-6870-4A4C-BFAE-5825EF4634E7}.Release|x64.Build.0 = Release|Any CPU
		{2EED2DFA-7D94-4E12-ADC5-455FC9F85BF9}.Debug|Any CPU.ActiveCfg = Debug|Any CPU
		{2EED2DFA-7D94-4E12-ADC5-455FC9F85BF9}.Debug|Any CPU.Build.0 = Debug|Any CPU
		{2EED2DFA-7D94-4E12-ADC5-455FC9F85BF9}.Debug|x64.ActiveCfg = Debug|Any CPU
		{2EED2DFA-7D94-4E12-ADC5-455FC9F85BF9}.Debug|x64.Build.0 = Debug|Any CPU
		{2EED2DFA-7D94-4E12-ADC5-455FC9F85BF9}.Release|Any CPU.ActiveCfg = Release|Any CPU
		{2EED2DFA-7D94-4E12-ADC5-455FC9F85BF9}.Release|Any CPU.Build.0 = Release|Any CPU
		{2EED2DFA-7D94-4E12-ADC5-455FC9F85BF9}.Release|x64.ActiveCfg = Release|Any CPU
		{2EED2DFA-7D94-4E12-ADC5-455FC9F85BF9}.Release|x64.Build.0 = Release|Any CPU
		{FB1F1936-AC22-41B4-AF2F-E20A486E3416}.Debug|Any CPU.ActiveCfg = Debug|Any CPU
		{FB1F1936-AC22-41B4-AF2F-E20A486E3416}.Debug|Any CPU.Build.0 = Debug|Any CPU
		{FB1F1936-AC22-41B4-AF2F-E20A486E3416}.Debug|x64.ActiveCfg = Debug|Any CPU
		{FB1F1936-AC22-41B4-AF2F-E20A486E3416}.Debug|x64.Build.0 = Debug|Any CPU
		{FB1F1936-AC22-41B4-AF2F-E20A486E3416}.Release|Any CPU.ActiveCfg = Release|Any CPU
		{FB1F1936-AC22-41B4-AF2F-E20A486E3416}.Release|Any CPU.Build.0 = Release|Any CPU
		{FB1F1936-AC22-41B4-AF2F-E20A486E3416}.Release|x64.ActiveCfg = Release|Any CPU
		{FB1F1936-AC22-41B4-AF2F-E20A486E3416}.Release|x64.Build.0 = Release|Any CPU
		{E173BAFA-92AD-49E1-9408-07F4031B5E98}.Debug|Any CPU.ActiveCfg = Debug|Any CPU
		{E173BAFA-92AD-49E1-9408-07F4031B5E98}.Debug|Any CPU.Build.0 = Debug|Any CPU
		{E173BAFA-92AD-49E1-9408-07F4031B5E98}.Debug|x64.ActiveCfg = Debug|Any CPU
		{E173BAFA-92AD-49E1-9408-07F4031B5E98}.Debug|x64.Build.0 = Debug|Any CPU
		{E173BAFA-92AD-49E1-9408-07F4031B5E98}.Release|Any CPU.ActiveCfg = Release|Any CPU
		{E173BAFA-92AD-49E1-9408-07F4031B5E98}.Release|Any CPU.Build.0 = Release|Any CPU
		{E173BAFA-92AD-49E1-9408-07F4031B5E98}.Release|x64.ActiveCfg = Release|Any CPU
		{E173BAFA-92AD-49E1-9408-07F4031B5E98}.Release|x64.Build.0 = Release|Any CPU
		{F748FB2C-C6EC-446B-BC12-559EE16368DE}.Debug|Any CPU.ActiveCfg = Debug|Any CPU
		{F748FB2C-C6EC-446B-BC12-559EE16368DE}.Debug|Any CPU.Build.0 = Debug|Any CPU
		{F748FB2C-C6EC-446B-BC12-559EE16368DE}.Debug|x64.ActiveCfg = Debug|Any CPU
		{F748FB2C-C6EC-446B-BC12-559EE16368DE}.Debug|x64.Build.0 = Debug|Any CPU
		{F748FB2C-C6EC-446B-BC12-559EE16368DE}.Release|Any CPU.ActiveCfg = Release|Any CPU
		{F748FB2C-C6EC-446B-BC12-559EE16368DE}.Release|Any CPU.Build.0 = Release|Any CPU
		{F748FB2C-C6EC-446B-BC12-559EE16368DE}.Release|x64.ActiveCfg = Release|Any CPU
		{F748FB2C-C6EC-446B-BC12-559EE16368DE}.Release|x64.Build.0 = Release|Any CPU
		{C8AE8A28-89AD-4048-8302-D144C205360D}.Debug|Any CPU.ActiveCfg = Debug|Any CPU
		{C8AE8A28-89AD-4048-8302-D144C205360D}.Debug|Any CPU.Build.0 = Debug|Any CPU
		{C8AE8A28-89AD-4048-8302-D144C205360D}.Debug|x64.ActiveCfg = Debug|Any CPU
		{C8AE8A28-89AD-4048-8302-D144C205360D}.Debug|x64.Build.0 = Debug|Any CPU
		{C8AE8A28-89AD-4048-8302-D144C205360D}.Release|Any CPU.ActiveCfg = Release|Any CPU
		{C8AE8A28-89AD-4048-8302-D144C205360D}.Release|Any CPU.Build.0 = Release|Any CPU
		{C8AE8A28-89AD-4048-8302-D144C205360D}.Release|x64.ActiveCfg = Release|Any CPU
		{C8AE8A28-89AD-4048-8302-D144C205360D}.Release|x64.Build.0 = Release|Any CPU
		{1CF4EE5A-8217-4D9A-89DE-55F8D01ACD40}.Debug|Any CPU.ActiveCfg = Debug|Any CPU
		{1CF4EE5A-8217-4D9A-89DE-55F8D01ACD40}.Debug|Any CPU.Build.0 = Debug|Any CPU
		{1CF4EE5A-8217-4D9A-89DE-55F8D01ACD40}.Debug|x64.ActiveCfg = Debug|Any CPU
		{1CF4EE5A-8217-4D9A-89DE-55F8D01ACD40}.Debug|x64.Build.0 = Debug|Any CPU
		{1CF4EE5A-8217-4D9A-89DE-55F8D01ACD40}.Release|Any CPU.ActiveCfg = Release|Any CPU
		{1CF4EE5A-8217-4D9A-89DE-55F8D01ACD40}.Release|Any CPU.Build.0 = Release|Any CPU
		{1CF4EE5A-8217-4D9A-89DE-55F8D01ACD40}.Release|x64.ActiveCfg = Release|Any CPU
		{1CF4EE5A-8217-4D9A-89DE-55F8D01ACD40}.Release|x64.Build.0 = Release|Any CPU
		{3574F603-4B6C-4A30-BFDD-E3BC09EEDFDF}.Debug|Any CPU.ActiveCfg = Debug|Any CPU
		{3574F603-4B6C-4A30-BFDD-E3BC09EEDFDF}.Debug|Any CPU.Build.0 = Debug|Any CPU
		{3574F603-4B6C-4A30-BFDD-E3BC09EEDFDF}.Debug|x64.ActiveCfg = Debug|Any CPU
		{3574F603-4B6C-4A30-BFDD-E3BC09EEDFDF}.Debug|x64.Build.0 = Debug|Any CPU
		{3574F603-4B6C-4A30-BFDD-E3BC09EEDFDF}.Release|Any CPU.ActiveCfg = Release|Any CPU
		{3574F603-4B6C-4A30-BFDD-E3BC09EEDFDF}.Release|x64.ActiveCfg = Release|Any CPU
		{3574F603-4B6C-4A30-BFDD-E3BC09EEDFDF}.Release|x64.Build.0 = Release|Any CPU
		{B4C3F008-B6CA-4D63-9B98-6AC2D97B4E9B}.Debug|Any CPU.ActiveCfg = Debug|Any CPU
		{B4C3F008-B6CA-4D63-9B98-6AC2D97B4E9B}.Debug|Any CPU.Build.0 = Debug|Any CPU
		{B4C3F008-B6CA-4D63-9B98-6AC2D97B4E9B}.Debug|x64.ActiveCfg = Debug|Any CPU
		{B4C3F008-B6CA-4D63-9B98-6AC2D97B4E9B}.Debug|x64.Build.0 = Debug|Any CPU
		{B4C3F008-B6CA-4D63-9B98-6AC2D97B4E9B}.Release|Any CPU.ActiveCfg = Release|Any CPU
		{B4C3F008-B6CA-4D63-9B98-6AC2D97B4E9B}.Release|Any CPU.Build.0 = Release|Any CPU
		{B4C3F008-B6CA-4D63-9B98-6AC2D97B4E9B}.Release|x64.ActiveCfg = Release|Any CPU
		{B4C3F008-B6CA-4D63-9B98-6AC2D97B4E9B}.Release|x64.Build.0 = Release|Any CPU
		{D87A9FEA-25F5-4E93-8C50-F540E20C5BE0}.Debug|Any CPU.ActiveCfg = Debug|Any CPU
		{D87A9FEA-25F5-4E93-8C50-F540E20C5BE0}.Debug|Any CPU.Build.0 = Debug|Any CPU
		{D87A9FEA-25F5-4E93-8C50-F540E20C5BE0}.Debug|x64.ActiveCfg = Debug|Any CPU
		{D87A9FEA-25F5-4E93-8C50-F540E20C5BE0}.Debug|x64.Build.0 = Debug|Any CPU
		{D87A9FEA-25F5-4E93-8C50-F540E20C5BE0}.Release|Any CPU.ActiveCfg = Release|Any CPU
		{D87A9FEA-25F5-4E93-8C50-F540E20C5BE0}.Release|Any CPU.Build.0 = Release|Any CPU
		{D87A9FEA-25F5-4E93-8C50-F540E20C5BE0}.Release|x64.ActiveCfg = Release|Any CPU
		{D87A9FEA-25F5-4E93-8C50-F540E20C5BE0}.Release|x64.Build.0 = Release|Any CPU
		{EBEC2223-6CA3-47C0-B601-30A33F2444C5}.Debug|Any CPU.ActiveCfg = Debug|Any CPU
		{EBEC2223-6CA3-47C0-B601-30A33F2444C5}.Debug|Any CPU.Build.0 = Debug|Any CPU
		{EBEC2223-6CA3-47C0-B601-30A33F2444C5}.Debug|x64.ActiveCfg = Debug|Any CPU
		{EBEC2223-6CA3-47C0-B601-30A33F2444C5}.Debug|x64.Build.0 = Debug|Any CPU
		{EBEC2223-6CA3-47C0-B601-30A33F2444C5}.Release|Any CPU.ActiveCfg = Release|Any CPU
		{EBEC2223-6CA3-47C0-B601-30A33F2444C5}.Release|Any CPU.Build.0 = Release|Any CPU
		{EBEC2223-6CA3-47C0-B601-30A33F2444C5}.Release|x64.ActiveCfg = Release|Any CPU
		{EBEC2223-6CA3-47C0-B601-30A33F2444C5}.Release|x64.Build.0 = Release|Any CPU
		{F1BDB4A8-A5F5-444C-AA15-19D944FE1BC0}.Debug|Any CPU.ActiveCfg = Debug|x64
		{F1BDB4A8-A5F5-444C-AA15-19D944FE1BC0}.Debug|Any CPU.Build.0 = Debug|x64
		{F1BDB4A8-A5F5-444C-AA15-19D944FE1BC0}.Debug|x64.ActiveCfg = Debug|x64
		{F1BDB4A8-A5F5-444C-AA15-19D944FE1BC0}.Debug|x64.Build.0 = Debug|x64
		{F1BDB4A8-A5F5-444C-AA15-19D944FE1BC0}.Release|Any CPU.ActiveCfg = Release|x64
		{F1BDB4A8-A5F5-444C-AA15-19D944FE1BC0}.Release|x64.ActiveCfg = Release|x64
		{F1BDB4A8-A5F5-444C-AA15-19D944FE1BC0}.Release|x64.Build.0 = Release|x64
		{339468FF-B5C6-4870-BDE3-4861BA69F517}.Debug|Any CPU.ActiveCfg = Debug|Any CPU
		{339468FF-B5C6-4870-BDE3-4861BA69F517}.Debug|Any CPU.Build.0 = Debug|Any CPU
		{339468FF-B5C6-4870-BDE3-4861BA69F517}.Debug|x64.ActiveCfg = Debug|Any CPU
		{339468FF-B5C6-4870-BDE3-4861BA69F517}.Debug|x64.Build.0 = Debug|Any CPU
		{339468FF-B5C6-4870-BDE3-4861BA69F517}.Release|Any CPU.ActiveCfg = Release|Any CPU
		{339468FF-B5C6-4870-BDE3-4861BA69F517}.Release|Any CPU.Build.0 = Release|Any CPU
		{339468FF-B5C6-4870-BDE3-4861BA69F517}.Release|x64.ActiveCfg = Release|Any CPU
		{339468FF-B5C6-4870-BDE3-4861BA69F517}.Release|x64.Build.0 = Release|Any CPU
		{63622E87-2572-4C3B-A6F1-1C5142C301AF}.Debug|Any CPU.ActiveCfg = Debug|Any CPU
		{63622E87-2572-4C3B-A6F1-1C5142C301AF}.Debug|Any CPU.Build.0 = Debug|Any CPU
		{63622E87-2572-4C3B-A6F1-1C5142C301AF}.Debug|x64.ActiveCfg = Debug|Any CPU
		{63622E87-2572-4C3B-A6F1-1C5142C301AF}.Debug|x64.Build.0 = Debug|Any CPU
		{63622E87-2572-4C3B-A6F1-1C5142C301AF}.Release|Any CPU.ActiveCfg = Release|Any CPU
		{63622E87-2572-4C3B-A6F1-1C5142C301AF}.Release|Any CPU.Build.0 = Release|Any CPU
		{63622E87-2572-4C3B-A6F1-1C5142C301AF}.Release|x64.ActiveCfg = Release|Any CPU
		{63622E87-2572-4C3B-A6F1-1C5142C301AF}.Release|x64.Build.0 = Release|Any CPU
		{C873802D-E33F-4E84-844A-C21DC3B7788D}.Debug|Any CPU.ActiveCfg = Debug|Any CPU
		{C873802D-E33F-4E84-844A-C21DC3B7788D}.Debug|Any CPU.Build.0 = Debug|Any CPU
		{C873802D-E33F-4E84-844A-C21DC3B7788D}.Debug|x64.ActiveCfg = Debug|Any CPU
		{C873802D-E33F-4E84-844A-C21DC3B7788D}.Debug|x64.Build.0 = Debug|Any CPU
		{C873802D-E33F-4E84-844A-C21DC3B7788D}.Release|Any CPU.ActiveCfg = Release|Any CPU
		{C873802D-E33F-4E84-844A-C21DC3B7788D}.Release|Any CPU.Build.0 = Release|Any CPU
		{C873802D-E33F-4E84-844A-C21DC3B7788D}.Release|x64.ActiveCfg = Release|Any CPU
		{C873802D-E33F-4E84-844A-C21DC3B7788D}.Release|x64.Build.0 = Release|Any CPU
	EndGlobalSection
	GlobalSection(SolutionProperties) = preSolution
		HideSolutionNode = FALSE
	EndGlobalSection
	GlobalSection(ExtensibilityGlobals) = postSolution
		SolutionGuid = {7FCEE470-704A-46CC-B953-4570381BF659}
	EndGlobalSection
EndGlobal
