
Microsoft Visual Studio Solution File, Format Version 12.00
# Visual Studio Version 16
VisualStudioVersion = 16.0.30011.22
MinimumVisualStudioVersion = 10.0.40219.1
Project("{6EC3EE1D-3C4E-46DD-8F32-0CC8E7565705}") = "ParserCombinatorsJS", "..\ParserCombinators\ParserCombinatorsJS\ParserCombinatorsJS.fsproj", "{2EED2DFA-7D94-4E12-ADC5-455FC9F85BF9}"
EndProject
Project("{6EC3EE1D-3C4E-46DD-8F32-0CC8E7565705}") = "SiteGraphReactorJS", "..\SiteGraphReactor\SiteGraphReactorJS\SiteGraphReactorJS.fsproj", "{E7457C45-ABDE-4DF5-B7A2-D396D2825B2C}"
EndProject
Project("{6EC3EE1D-3C4E-46DD-8F32-0CC8E7565705}") = "SiteGraphCRNJS", "..\SiteGraphReactor\SiteGraphCRNJS\SiteGraphCRNJS.fsproj", "{82903A27-E535-4D30-8449-2AD9D2A9769E}"
EndProject
Project("{6EC3EE1D-3C4E-46DD-8F32-0CC8E7565705}") = "Filzbach.FSharp.JS", "..\Filzbach.FSharp.JS\Filzbach.FSharp.JS.fsproj", "{4DF94589-6870-4A4C-BFAE-5825EF4634E7}"
EndProject
Project("{6EC3EE1D-3C4E-46DD-8F32-0CC8E7565705}") = "CRNEngineJS", "..\CRNEngine\CRNEngineJS\CRNEngineJS.fsproj", "{836AF075-6448-4CD9-8020-434B963FF5E2}"
EndProject
Project("{9A19103F-16F7-4668-BE54-9A1E7A4F7556}") = "MSAGL_JS", "..\HTML5SharedGUI\MSAGL_JS\MSAGL_JS.csproj", "{2F3B8603-CFF1-4946-B242-6F848801B49A}"
EndProject
Project("{9A19103F-16F7-4668-BE54-9A1E7A4F7556}") = "HTML5StrandGraphs", "HTML5StrandGraphs\HTML5StrandGraphs.csproj", "{27DB11BA-BCFB-47CC-9132-47349008673C}"
	ProjectSection(ProjectDependencies) = postProject
		{82903A27-E535-4D30-8449-2AD9D2A9769E} = {82903A27-E535-4D30-8449-2AD9D2A9769E}
		{C8AE8A28-89AD-4048-8302-D144C205360D} = {C8AE8A28-89AD-4048-8302-D144C205360D}
		{E7457C45-ABDE-4DF5-B7A2-D396D2825B2C} = {E7457C45-ABDE-4DF5-B7A2-D396D2825B2C}
		{836AF075-6448-4CD9-8020-434B963FF5E2} = {836AF075-6448-4CD9-8020-434B963FF5E2}
		{4DF94589-6870-4A4C-BFAE-5825EF4634E7} = {4DF94589-6870-4A4C-BFAE-5825EF4634E7}
		{8AC1E8EB-E9A2-45DC-9E07-15398B4362B1} = {8AC1E8EB-E9A2-45DC-9E07-15398B4362B1}
		{2EED2DFA-7D94-4E12-ADC5-455FC9F85BF9} = {2EED2DFA-7D94-4E12-ADC5-455FC9F85BF9}
	EndProjectSection
EndProject
Project("{9A19103F-16F7-4668-BE54-9A1E7A4F7556}") = "CodeEditor", "..\HTML5SharedGUI\CodeEditor\CodeEditor.csproj", "{B234C1D7-96F4-40A2-A323-3B18646BF95C}"
EndProject
Project("{9A19103F-16F7-4668-BE54-9A1E7A4F7556}") = "SiteGraphReactorTSWrapper", "..\SiteGraphReactor\SiteGraphReactorTSWrapper\SiteGraphReactorTSWrapper.csproj", "{8AC1E8EB-E9A2-45DC-9E07-15398B4362B1}"
EndProject
Project("{9A19103F-16F7-4668-BE54-9A1E7A4F7556}") = "CRNEngineTSWrapper", "..\CRNEngine\CRNEngineTSWrapper\CRNEngineTSWrapper.csproj", "{FB1F1936-AC22-41B4-AF2F-E20A486E3416}"
EndProject
Project("{9A19103F-16F7-4668-BE54-9A1E7A4F7556}") = "CRNComponent", "..\HTML5SharedGUI\CRNComponent\CRNComponent.csproj", "{6DF7A0C1-2048-4A51-8599-E1C0B958A5E2}"
	ProjectSection(ProjectDependencies) = postProject
		{2F3B8603-CFF1-4946-B242-6F848801B49A} = {2F3B8603-CFF1-4946-B242-6F848801B49A}
	EndProjectSection
EndProject
Project("{9A19103F-16F7-4668-BE54-9A1E7A4F7556}") = "SimulationViewer", "..\HTML5SharedGUI\SimulationViewer\SimulationViewer.csproj", "{0ECCE305-85C0-403F-A980-EEB9379BD5A4}"
EndProject
Project("{9A19103F-16F7-4668-BE54-9A1E7A4F7556}") = "InferenceViewer", "..\HTML5SharedGUI\InferenceViewer\InferenceViewer.csproj", "{179FDF3E-67B8-4E2F-9089-650BB1319AF2}"
EndProject
Project("{9A19103F-16F7-4668-BE54-9A1E7A4F7556}") = "HTML5DSD_Generic", "..\HTML5SharedGUI\HTML5DSD_Generic\HTML5DSD_Generic.csproj", "{C8AE8A28-89AD-4048-8302-D144C205360D}"
EndProject
Project("{6EC3EE1D-3C4E-46DD-8F32-0CC8E7565705}") = "ReactionDiffusionJS", "..\PDESolvers\ReactionDiffusionJS\ReactionDiffusionJS.fsproj", "{1CF4EE5A-8217-4D9A-89DE-55F8D01ACD40}"
EndProject
Project("{9A19103F-16F7-4668-BE54-9A1E7A4F7556}") = "HTML5CRN_Lib", "..\HTML5SharedGUI\HTML5CRN_Lib\HTML5CRN_Lib.csproj", "{B4C3F008-B6CA-4D63-9B98-6AC2D97B4E9B}"
EndProject
Project("{9A19103F-16F7-4668-BE54-9A1E7A4F7556}") = "GenericComponents", "..\HTML5SharedGUI\GenericComponents\GenericComponents.csproj", "{F9C3A92C-4AAD-4E45-A809-0C997188DDF0}"
EndProject
Global
	GlobalSection(SolutionConfigurationPlatforms) = preSolution
		Debug|Any CPU = Debug|Any CPU
		Release|Any CPU = Release|Any CPU
	EndGlobalSection
	GlobalSection(ProjectConfigurationPlatforms) = postSolution
		{2EED2DFA-7D94-4E12-ADC5-455FC9F85BF9}.Debug|Any CPU.ActiveCfg = Debug|Any CPU
		{2EED2DFA-7D94-4E12-ADC5-455FC9F85BF9}.Debug|Any CPU.Build.0 = Debug|Any CPU
		{2EED2DFA-7D94-4E12-ADC5-455FC9F85BF9}.Release|Any CPU.ActiveCfg = Release|Any CPU
		{2EED2DFA-7D94-4E12-ADC5-455FC9F85BF9}.Release|Any CPU.Build.0 = Release|Any CPU
		{E7457C45-ABDE-4DF5-B7A2-D396D2825B2C}.Debug|Any CPU.ActiveCfg = Debug|Any CPU
		{E7457C45-ABDE-4DF5-B7A2-D396D2825B2C}.Debug|Any CPU.Build.0 = Debug|Any CPU
		{E7457C45-ABDE-4DF5-B7A2-D396D2825B2C}.Release|Any CPU.ActiveCfg = Release|Any CPU
		{E7457C45-ABDE-4DF5-B7A2-D396D2825B2C}.Release|Any CPU.Build.0 = Release|Any CPU
		{82903A27-E535-4D30-8449-2AD9D2A9769E}.Debug|Any CPU.ActiveCfg = Debug|Any CPU
		{82903A27-E535-4D30-8449-2AD9D2A9769E}.Debug|Any CPU.Build.0 = Debug|Any CPU
		{82903A27-E535-4D30-8449-2AD9D2A9769E}.Release|Any CPU.ActiveCfg = Release|Any CPU
		{82903A27-E535-4D30-8449-2AD9D2A9769E}.Release|Any CPU.Build.0 = Release|Any CPU
		{4DF94589-6870-4A4C-BFAE-5825EF4634E7}.Debug|Any CPU.ActiveCfg = Debug|Any CPU
		{4DF94589-6870-4A4C-BFAE-5825EF4634E7}.Debug|Any CPU.Build.0 = Debug|Any CPU
		{4DF94589-6870-4A4C-BFAE-5825EF4634E7}.Release|Any CPU.ActiveCfg = Release|Any CPU
		{4DF94589-6870-4A4C-BFAE-5825EF4634E7}.Release|Any CPU.Build.0 = Release|Any CPU
		{836AF075-6448-4CD9-8020-434B963FF5E2}.Debug|Any CPU.ActiveCfg = Debug|Any CPU
		{836AF075-6448-4CD9-8020-434B963FF5E2}.Debug|Any CPU.Build.0 = Debug|Any CPU
		{836AF075-6448-4CD9-8020-434B963FF5E2}.Release|Any CPU.ActiveCfg = Release|Any CPU
		{836AF075-6448-4CD9-8020-434B963FF5E2}.Release|Any CPU.Build.0 = Release|Any CPU
		{2F3B8603-CFF1-4946-B242-6F848801B49A}.Debug|Any CPU.ActiveCfg = Debug|Any CPU
		{2F3B8603-CFF1-4946-B242-6F848801B49A}.Debug|Any CPU.Build.0 = Debug|Any CPU
		{2F3B8603-CFF1-4946-B242-6F848801B49A}.Release|Any CPU.ActiveCfg = Release|Any CPU
		{2F3B8603-CFF1-4946-B242-6F848801B49A}.Release|Any CPU.Build.0 = Release|Any CPU
		{27DB11BA-BCFB-47CC-9132-47349008673C}.Debug|Any CPU.ActiveCfg = Debug|Any CPU
		{27DB11BA-BCFB-47CC-9132-47349008673C}.Debug|Any CPU.Build.0 = Debug|Any CPU
		{27DB11BA-BCFB-47CC-9132-47349008673C}.Release|Any CPU.ActiveCfg = Release|Any CPU
		{27DB11BA-BCFB-47CC-9132-47349008673C}.Release|Any CPU.Build.0 = Release|Any CPU
		{B234C1D7-96F4-40A2-A323-3B18646BF95C}.Debug|Any CPU.ActiveCfg = Debug|Any CPU
		{B234C1D7-96F4-40A2-A323-3B18646BF95C}.Debug|Any CPU.Build.0 = Debug|Any CPU
		{B234C1D7-96F4-40A2-A323-3B18646BF95C}.Release|Any CPU.ActiveCfg = Release|Any CPU
		{B234C1D7-96F4-40A2-A323-3B18646BF95C}.Release|Any CPU.Build.0 = Release|Any CPU
		{8AC1E8EB-E9A2-45DC-9E07-15398B4362B1}.Debug|Any CPU.ActiveCfg = Debug|Any CPU
		{8AC1E8EB-E9A2-45DC-9E07-15398B4362B1}.Debug|Any CPU.Build.0 = Debug|Any CPU
		{8AC1E8EB-E9A2-45DC-9E07-15398B4362B1}.Release|Any CPU.ActiveCfg = Release|Any CPU
		{8AC1E8EB-E9A2-45DC-9E07-15398B4362B1}.Release|Any CPU.Build.0 = Release|Any CPU
		{FB1F1936-AC22-41B4-AF2F-E20A486E3416}.Debug|Any CPU.ActiveCfg = Debug|Any CPU
		{FB1F1936-AC22-41B4-AF2F-E20A486E3416}.Debug|Any CPU.Build.0 = Debug|Any CPU
		{FB1F1936-AC22-41B4-AF2F-E20A486E3416}.Release|Any CPU.ActiveCfg = Release|Any CPU
		{FB1F1936-AC22-41B4-AF2F-E20A486E3416}.Release|Any CPU.Build.0 = Release|Any CPU
		{6DF7A0C1-2048-4A51-8599-E1C0B958A5E2}.Debug|Any CPU.ActiveCfg = Debug|Any CPU
		{6DF7A0C1-2048-4A51-8599-E1C0B958A5E2}.Debug|Any CPU.Build.0 = Debug|Any CPU
		{6DF7A0C1-2048-4A51-8599-E1C0B958A5E2}.Release|Any CPU.ActiveCfg = Release|Any CPU
		{6DF7A0C1-2048-4A51-8599-E1C0B958A5E2}.Release|Any CPU.Build.0 = Release|Any CPU
		{0ECCE305-85C0-403F-A980-EEB9379BD5A4}.Debug|Any CPU.ActiveCfg = Debug|Any CPU
		{0ECCE305-85C0-403F-A980-EEB9379BD5A4}.Debug|Any CPU.Build.0 = Debug|Any CPU
		{0ECCE305-85C0-403F-A980-EEB9379BD5A4}.Release|Any CPU.ActiveCfg = Release|Any CPU
		{0ECCE305-85C0-403F-A980-EEB9379BD5A4}.Release|Any CPU.Build.0 = Release|Any CPU
		{179FDF3E-67B8-4E2F-9089-650BB1319AF2}.Debug|Any CPU.ActiveCfg = Debug|Any CPU
		{179FDF3E-67B8-4E2F-9089-650BB1319AF2}.Debug|Any CPU.Build.0 = Debug|Any CPU
		{179FDF3E-67B8-4E2F-9089-650BB1319AF2}.Release|Any CPU.ActiveCfg = Release|Any CPU
		{179FDF3E-67B8-4E2F-9089-650BB1319AF2}.Release|Any CPU.Build.0 = Release|Any CPU
		{C8AE8A28-89AD-4048-8302-D144C205360D}.Debug|Any CPU.ActiveCfg = Debug|Any CPU
		{C8AE8A28-89AD-4048-8302-D144C205360D}.Debug|Any CPU.Build.0 = Debug|Any CPU
		{C8AE8A28-89AD-4048-8302-D144C205360D}.Release|Any CPU.ActiveCfg = Release|Any CPU
		{C8AE8A28-89AD-4048-8302-D144C205360D}.Release|Any CPU.Build.0 = Release|Any CPU
		{1CF4EE5A-8217-4D9A-89DE-55F8D01ACD40}.Debug|Any CPU.ActiveCfg = Debug|Any CPU
		{1CF4EE5A-8217-4D9A-89DE-55F8D01ACD40}.Debug|Any CPU.Build.0 = Debug|Any CPU
		{1CF4EE5A-8217-4D9A-89DE-55F8D01ACD40}.Release|Any CPU.ActiveCfg = Release|Any CPU
		{1CF4EE5A-8217-4D9A-89DE-55F8D01ACD40}.Release|Any CPU.Build.0 = Release|Any CPU
		{B4C3F008-B6CA-4D63-9B98-6AC2D97B4E9B}.Debug|Any CPU.ActiveCfg = Debug|Any CPU
		{B4C3F008-B6CA-4D63-9B98-6AC2D97B4E9B}.Debug|Any CPU.Build.0 = Debug|Any CPU
		{B4C3F008-B6CA-4D63-9B98-6AC2D97B4E9B}.Release|Any CPU.ActiveCfg = Release|Any CPU
		{B4C3F008-B6CA-4D63-9B98-6AC2D97B4E9B}.Release|Any CPU.Build.0 = Release|Any CPU
		{F9C3A92C-4AAD-4E45-A809-0C997188DDF0}.Debug|Any CPU.ActiveCfg = Debug|Any CPU
		{F9C3A92C-4AAD-4E45-A809-0C997188DDF0}.Debug|Any CPU.Build.0 = Debug|Any CPU
		{F9C3A92C-4AAD-4E45-A809-0C997188DDF0}.Release|Any CPU.ActiveCfg = Release|Any CPU
		{F9C3A92C-4AAD-4E45-A809-0C997188DDF0}.Release|Any CPU.Build.0 = Release|Any CPU
	EndGlobalSection
	GlobalSection(SolutionProperties) = preSolution
		HideSolutionNode = FALSE
	EndGlobalSection
	GlobalSection(ExtensibilityGlobals) = postSolution
		SolutionGuid = {E22C3A78-A332-4E31-A784-F2B368093FDF}
	EndGlobalSection
EndGlobal
