
Microsoft Visual Studio Solution File, Format Version 12.00
# Visual Studio Version 16
VisualStudioVersion = 16.0.29409.12
MinimumVisualStudioVersion = 10.0.40219.1
Project("{6EC3EE1D-3C4E-46DD-8F32-0CC8E7565705}") = "CRNEngineDotNet", "..\CRNEngine\CRNEngineDotNet\CRNEngineDotNet.fsproj", "{53F378EB-9762-4E25-9037-CC9E17EC35B3}"
EndProject
Project("{6EC3EE1D-3C4E-46DD-8F32-0CC8E7565705}") = "Filzbach.FSharp.Portable", "..\Filzbach.FSharp\Filzbach.FSharp.Portable.fsproj", "{FAAC22A3-FF3A-4A16-A7EA-AB751E10D604}"
EndProject
Project("{6EC3EE1D-3C4E-46DD-8F32-0CC8E7565705}") = "ParserCombinators", "..\ParserCombinators\ParserCombinators\ParserCombinators.fsproj", "{20CF497C-F46A-4E33-964C-2F510E2B4350}"
EndProject
Project("{6EC3EE1D-3C4E-46DD-8F32-0CC8E7565705}") = "ReactionDiffusion", "..\PDESolvers\ReactionDiffusion\ReactionDiffusion.fsproj", "{3E6F2093-EE33-44DC-A7FE-F7B39965941A}"
EndProject
Project("{6EC3EE1D-3C4E-46DD-8F32-0CC8E7565705}") = "StabilityZ3", "StabilityZ3\StabilityZ3.fsproj", "{876C5DA1-16C8-4326-BA4C-572B61FDFEE6}"
EndProject
Project("{6EC3EE1D-3C4E-46DD-8F32-0CC8E7565705}") = "StabilityTests", "Tests\StabilityTests.fsproj", "{E636C04F-33C8-40EB-A329-19FF8FB805D5}"
EndProject
Project("{6EC3EE1D-3C4E-46DD-8F32-0CC8E7565705}") = "CRNs", "CRNs\CRNs.fsproj", "{A0AECB41-3FAA-4B4A-8F95-844427A7F81D}"
EndProject
Project("{6EC3EE1D-3C4E-46DD-8F32-0CC8E7565705}") = "GRNs", "GRNs\GRNs.fsproj", "{D0D4FAA2-4359-47E1-91F6-B9D3628D59B1}"
EndProject
Project("{6EC3EE1D-3C4E-46DD-8F32-0CC8E7565705}") = "NotebookAPI", "NotebookAPI\NotebookAPI.fsproj", "{47B39030-691C-44E1-B604-E087F11375D3}"
EndProject
Project("{6EC3EE1D-3C4E-46DD-8F32-0CC8E7565705}") = "NetworkVisualization", "NetworkVisualization\NetworkVisualization.fsproj", "{C4752740-F77B-4C24-A201-0A417FA89550}"
EndProject
Project("{F2A71F9B-5D33-465A-A702-920D77279786}") = "StabilityZ3Cli", "StabilityZ3Cli\StabilityZ3Cli.fsproj", "{9805A2BF-8649-4E67-9FCE-3FFB7D1D423B}"
EndProject
Global
	GlobalSection(SolutionConfigurationPlatforms) = preSolution
		Debug|Any CPU = Debug|Any CPU
		Debug|x64 = Debug|x64
		Release|Any CPU = Release|Any CPU
		Release|x64 = Release|x64
	EndGlobalSection
	GlobalSection(ProjectConfigurationPlatforms) = postSolution
		{53F378EB-9762-4E25-9037-CC9E17EC35B3}.Debug|Any CPU.ActiveCfg = Debug|Any CPU
		{53F378EB-9762-4E25-9037-CC9E17EC35B3}.Debug|Any CPU.Build.0 = Debug|Any CPU
		{53F378EB-9762-4E25-9037-CC9E17EC35B3}.Debug|x64.ActiveCfg = Debug|Any CPU
		{53F378EB-9762-4E25-9037-CC9E17EC35B3}.Debug|x64.Build.0 = Debug|Any CPU
		{53F378EB-9762-4E25-9037-CC9E17EC35B3}.Release|Any CPU.ActiveCfg = Release|Any CPU
		{53F378EB-9762-4E25-9037-CC9E17EC35B3}.Release|Any CPU.Build.0 = Release|Any CPU
		{53F378EB-9762-4E25-9037-CC9E17EC35B3}.Release|x64.ActiveCfg = Release|Any CPU
		{53F378EB-9762-4E25-9037-CC9E17EC35B3}.Release|x64.Build.0 = Release|Any CPU
		{FAAC22A3-FF3A-4A16-A7EA-AB751E10D604}.Debug|Any CPU.ActiveCfg = Debug|x64
		{FAAC22A3-FF3A-4A16-A7EA-AB751E10D604}.Debug|x64.ActiveCfg = Debug|x64
		{FAAC22A3-FF3A-4A16-A7EA-AB751E10D604}.Debug|x64.Build.0 = Debug|x64
		{FAAC22A3-FF3A-4A16-A7EA-AB751E10D604}.Release|Any CPU.ActiveCfg = Release|x64
		{FAAC22A3-FF3A-4A16-A7EA-AB751E10D604}.Release|x64.ActiveCfg = Release|x64
		{FAAC22A3-FF3A-4A16-A7EA-AB751E10D604}.Release|x64.Build.0 = Release|x64
		{20CF497C-F46A-4E33-964C-2F510E2B4350}.Debug|Any CPU.ActiveCfg = Debug|Any CPU
		{20CF497C-F46A-4E33-964C-2F510E2B4350}.Debug|Any CPU.Build.0 = Debug|Any CPU
		{20CF497C-F46A-4E33-964C-2F510E2B4350}.Debug|x64.ActiveCfg = Debug|Any CPU
		{20CF497C-F46A-4E33-964C-2F510E2B4350}.Debug|x64.Build.0 = Debug|Any CPU
		{20CF497C-F46A-4E33-964C-2F510E2B4350}.Release|Any CPU.ActiveCfg = Release|Any CPU
		{20CF497C-F46A-4E33-964C-2F510E2B4350}.Release|Any CPU.Build.0 = Release|Any CPU
		{20CF497C-F46A-4E33-964C-2F510E2B4350}.Release|x64.ActiveCfg = Release|Any CPU
		{20CF497C-F46A-4E33-964C-2F510E2B4350}.Release|x64.Build.0 = Release|Any CPU
		{3E6F2093-EE33-44DC-A7FE-F7B39965941A}.Debug|Any CPU.ActiveCfg = Debug|Any CPU
		{3E6F2093-EE33-44DC-A7FE-F7B39965941A}.Debug|Any CPU.Build.0 = Debug|Any CPU
		{3E6F2093-EE33-44DC-A7FE-F7B39965941A}.Debug|x64.ActiveCfg = Debug|Any CPU
		{3E6F2093-EE33-44DC-A7FE-F7B39965941A}.Debug|x64.Build.0 = Debug|Any CPU
		{3E6F2093-EE33-44DC-A7FE-F7B39965941A}.Release|Any CPU.ActiveCfg = Release|Any CPU
		{3E6F2093-EE33-44DC-A7FE-F7B39965941A}.Release|Any CPU.Build.0 = Release|Any CPU
		{3E6F2093-EE33-44DC-A7FE-F7B39965941A}.Release|x64.ActiveCfg = Release|Any CPU
		{3E6F2093-EE33-44DC-A7FE-F7B39965941A}.Release|x64.Build.0 = Release|Any CPU
		{876C5DA1-16C8-4326-BA4C-572B61FDFEE6}.Debug|Any CPU.ActiveCfg = Debug|Any CPU
		{876C5DA1-16C8-4326-BA4C-572B61FDFEE6}.Debug|Any CPU.Build.0 = Debug|Any CPU
		{876C5DA1-16C8-4326-BA4C-572B61FDFEE6}.Debug|x64.ActiveCfg = Debug|Any CPU
		{876C5DA1-16C8-4326-BA4C-572B61FDFEE6}.Debug|x64.Build.0 = Debug|Any CPU
		{876C5DA1-16C8-4326-BA4C-572B61FDFEE6}.Release|Any CPU.ActiveCfg = Release|Any CPU
		{876C5DA1-16C8-4326-BA4C-572B61FDFEE6}.Release|Any CPU.Build.0 = Release|Any CPU
		{876C5DA1-16C8-4326-BA4C-572B61FDFEE6}.Release|x64.ActiveCfg = Release|Any CPU
		{876C5DA1-16C8-4326-BA4C-572B61FDFEE6}.Release|x64.Build.0 = Release|Any CPU
		{E636C04F-33C8-40EB-A329-19FF8FB805D5}.Debug|Any CPU.ActiveCfg = Debug|Any CPU
		{E636C04F-33C8-40EB-A329-19FF8FB805D5}.Debug|Any CPU.Build.0 = Debug|Any CPU
		{E636C04F-33C8-40EB-A329-19FF8FB805D5}.Debug|x64.ActiveCfg = Debug|Any CPU
		{E636C04F-33C8-40EB-A329-19FF8FB805D5}.Debug|x64.Build.0 = Debug|Any CPU
		{E636C04F-33C8-40EB-A329-19FF8FB805D5}.Release|Any CPU.ActiveCfg = Release|Any CPU
		{E636C04F-33C8-40EB-A329-19FF8FB805D5}.Release|Any CPU.Build.0 = Release|Any CPU
		{E636C04F-33C8-40EB-A329-19FF8FB805D5}.Release|x64.ActiveCfg = Release|Any CPU
		{E636C04F-33C8-40EB-A329-19FF8FB805D5}.Release|x64.Build.0 = Release|Any CPU
		{A0AECB41-3FAA-4B4A-8F95-844427A7F81D}.Debug|Any CPU.ActiveCfg = Debug|Any CPU
		{A0AECB41-3FAA-4B4A-8F95-844427A7F81D}.Debug|Any CPU.Build.0 = Debug|Any CPU
		{A0AECB41-3FAA-4B4A-8F95-844427A7F81D}.Debug|x64.ActiveCfg = Debug|Any CPU
		{A0AECB41-3FAA-4B4A-8F95-844427A7F81D}.Debug|x64.Build.0 = Debug|Any CPU
		{A0AECB41-3FAA-4B4A-8F95-844427A7F81D}.Release|Any CPU.ActiveCfg = Release|Any CPU
		{A0AECB41-3FAA-4B4A-8F95-844427A7F81D}.Release|Any CPU.Build.0 = Release|Any CPU
		{A0AECB41-3FAA-4B4A-8F95-844427A7F81D}.Release|x64.ActiveCfg = Release|Any CPU
		{A0AECB41-3FAA-4B4A-8F95-844427A7F81D}.Release|x64.Build.0 = Release|Any CPU
		{D0D4FAA2-4359-47E1-91F6-B9D3628D59B1}.Debug|Any CPU.ActiveCfg = Debug|Any CPU
		{D0D4FAA2-4359-47E1-91F6-B9D3628D59B1}.Debug|Any CPU.Build.0 = Debug|Any CPU
		{D0D4FAA2-4359-47E1-91F6-B9D3628D59B1}.Debug|x64.ActiveCfg = Debug|Any CPU
		{D0D4FAA2-4359-47E1-91F6-B9D3628D59B1}.Debug|x64.Build.0 = Debug|Any CPU
		{D0D4FAA2-4359-47E1-91F6-B9D3628D59B1}.Release|Any CPU.ActiveCfg = Release|Any CPU
		{D0D4FAA2-4359-47E1-91F6-B9D3628D59B1}.Release|Any CPU.Build.0 = Release|Any CPU
		{D0D4FAA2-4359-47E1-91F6-B9D3628D59B1}.Release|x64.ActiveCfg = Release|Any CPU
		{D0D4FAA2-4359-47E1-91F6-B9D3628D59B1}.Release|x64.Build.0 = Release|Any CPU
		{47B39030-691C-44E1-B604-E087F11375D3}.Debug|Any CPU.ActiveCfg = Debug|Any CPU
		{47B39030-691C-44E1-B604-E087F11375D3}.Debug|Any CPU.Build.0 = Debug|Any CPU
		{47B39030-691C-44E1-B604-E087F11375D3}.Debug|x64.ActiveCfg = Debug|Any CPU
		{47B39030-691C-44E1-B604-E087F11375D3}.Debug|x64.Build.0 = Debug|Any CPU
		{47B39030-691C-44E1-B604-E087F11375D3}.Release|Any CPU.ActiveCfg = Release|Any CPU
		{47B39030-691C-44E1-B604-E087F11375D3}.Release|Any CPU.Build.0 = Release|Any CPU
		{47B39030-691C-44E1-B604-E087F11375D3}.Release|x64.ActiveCfg = Release|Any CPU
		{47B39030-691C-44E1-B604-E087F11375D3}.Release|x64.Build.0 = Release|Any CPU
		{C4752740-F77B-4C24-A201-0A417FA89550}.Debug|Any CPU.ActiveCfg = Debug|Any CPU
		{C4752740-F77B-4C24-A201-0A417FA89550}.Debug|Any CPU.Build.0 = Debug|Any CPU
		{C4752740-F77B-4C24-A201-0A417FA89550}.Debug|x64.ActiveCfg = Debug|Any CPU
		{C4752740-F77B-4C24-A201-0A417FA89550}.Debug|x64.Build.0 = Debug|Any CPU
		{C4752740-F77B-4C24-A201-0A417FA89550}.Release|Any CPU.ActiveCfg = Release|Any CPU
		{C4752740-F77B-4C24-A201-0A417FA89550}.Release|Any CPU.Build.0 = Release|Any CPU
		{C4752740-F77B-4C24-A201-0A417FA89550}.Release|x64.ActiveCfg = Release|Any CPU
		{C4752740-F77B-4C24-A201-0A417FA89550}.Release|x64.Build.0 = Release|Any CPU
		{9805A2BF-8649-4E67-9FCE-3FFB7D1D423B}.Debug|Any CPU.ActiveCfg = Debug|Any CPU
		{9805A2BF-8649-4E67-9FCE-3FFB7D1D423B}.Debug|Any CPU.Build.0 = Debug|Any CPU
		{9805A2BF-8649-4E67-9FCE-3FFB7D1D423B}.Debug|x64.ActiveCfg = Debug|Any CPU
		{9805A2BF-8649-4E67-9FCE-3FFB7D1D423B}.Debug|x64.Build.0 = Debug|Any CPU
		{9805A2BF-8649-4E67-9FCE-3FFB7D1D423B}.Release|Any CPU.ActiveCfg = Release|Any CPU
		{9805A2BF-8649-4E67-9FCE-3FFB7D1D423B}.Release|Any CPU.Build.0 = Release|Any CPU
		{9805A2BF-8649-4E67-9FCE-3FFB7D1D423B}.Release|x64.ActiveCfg = Release|Any CPU
		{9805A2BF-8649-4E67-9FCE-3FFB7D1D423B}.Release|x64.Build.0 = Release|Any CPU
	EndGlobalSection
	GlobalSection(SolutionProperties) = preSolution
		HideSolutionNode = FALSE
	EndGlobalSection
	GlobalSection(ExtensibilityGlobals) = postSolution
		SolutionGuid = {2A33C96C-B2E3-40AE-A00E-73469F0BF948}
	EndGlobalSection
	GlobalSection(Performance) = preSolution
		HasPerformanceSessions = true
	EndGlobalSection
	GlobalSection(Performance) = preSolution
		HasPerformanceSessions = true
	EndGlobalSection
	GlobalSection(Performance) = preSolution
		HasPerformanceSessions = true
	EndGlobalSection
	GlobalSection(Performance) = preSolution
		HasPerformanceSessions = true
	EndGlobalSection
	GlobalSection(Performance) = preSolution
		HasPerformanceSessions = true
	EndGlobalSection
	GlobalSection(Performance) = preSolution
		HasPerformanceSessions = true
	EndGlobalSection
EndGlobal
