
Microsoft Visual Studio Solution File, Format Version 12.00
# Visual Studio Version 16
VisualStudioVersion = 16.0.29709.97
MinimumVisualStudioVersion = 10.0.40219.1
Project("{9A19103F-16F7-4668-BE54-9A1E7A4F7556}") = "MSAGL_JS", "..\HTML5SharedGUI\MSAGL_JS\MSAGL_JS.csproj", "{2F3B8603-CFF1-4946-B242-6F848801B49A}"
EndProject
Project("{9A19103F-16F7-4668-BE54-9A1E7A4F7556}") = "CodeEditor", "..\HTML5SharedGUI\CodeEditor\CodeEditor.csproj", "{B234C1D7-96F4-40A2-A323-3B18646BF95C}"
EndProject
Project("{9A19103F-16F7-4668-BE54-9A1E7A4F7556}") = "CRNComponent", "..\HTML5SharedGUI\CRNComponent\CRNComponent.csproj", "{6DF7A0C1-2048-4A51-8599-E1C0B958A5E2}"
EndProject
Project("{9A19103F-16F7-4668-BE54-9A1E7A4F7556}") = "InferenceViewer", "..\HTML5SharedGUI\InferenceViewer\InferenceViewer.csproj", "{179FDF3E-67B8-4E2F-9089-650BB1319AF2}"
EndProject
Project("{9A19103F-16F7-4668-BE54-9A1E7A4F7556}") = "SimulationViewer", "..\HTML5SharedGUI\SimulationViewer\SimulationViewer.csproj", "{0ECCE305-85C0-403F-A980-EEB9379BD5A4}"
EndProject
Project("{6EC3EE1D-3C4E-46DD-8F32-0CC8E7565705}") = "CRNEngineJS", "..\CRNEngine\CRNEngineJS\CRNEngineJS.fsproj", "{836AF075-6448-4CD9-8020-434B963FF5E2}"
EndProject
Project("{6EC3EE1D-3C4E-46DD-8F32-0CC8E7565705}") = "Filzbach.FSharp.JS", "..\Filzbach.FSharp.JS\Filzbach.FSharp.JS.fsproj", "{4DF94589-6870-4A4C-BFAE-5825EF4634E7}"
EndProject
Project("{6EC3EE1D-3C4E-46DD-8F32-0CC8E7565705}") = "ParserCombinatorsJS", "..\ParserCombinators\ParserCombinatorsJS\ParserCombinatorsJS.fsproj", "{2EED2DFA-7D94-4E12-ADC5-455FC9F85BF9}"
EndProject
Project("{9A19103F-16F7-4668-BE54-9A1E7A4F7556}") = "CRNEngineTSWrapper", "..\CRNEngine\CRNEngineTSWrapper\CRNEngineTSWrapper.csproj", "{FB1F1936-AC22-41B4-AF2F-E20A486E3416}"
	ProjectSection(ProjectDependencies) = postProject
		{836AF075-6448-4CD9-8020-434B963FF5E2} = {836AF075-6448-4CD9-8020-434B963FF5E2}
	EndProjectSection
EndProject
Project("{6EC3EE1D-3C4E-46DD-8F32-0CC8E7565705}") = "ReactionDiffusionJS", "..\PDESolvers\ReactionDiffusionJS\ReactionDiffusionJS.fsproj", "{1CF4EE5A-8217-4D9A-89DE-55F8D01ACD40}"
EndProject
Project("{6EC3EE1D-3C4E-46DD-8F32-0CC8E7565705}") = "ClassicGECJS", "ClassicGECJS\ClassicGECJS.fsproj", "{512586EF-5357-49E1-A5A0-71B4389589A2}"
EndProject
Project("{9A19103F-16F7-4668-BE54-9A1E7A4F7556}") = "ClassicGECTSWrapper", "ClassicGECTSWrapper\ClassicGECTSWrapper.csproj", "{A7A666E0-2ADE-4496-A84A-267BBE68B5A1}"
	ProjectSection(ProjectDependencies) = postProject
		{FB1F1936-AC22-41B4-AF2F-E20A486E3416} = {FB1F1936-AC22-41B4-AF2F-E20A486E3416}
		{836AF075-6448-4CD9-8020-434B963FF5E2} = {836AF075-6448-4CD9-8020-434B963FF5E2}
		{512586EF-5357-49E1-A5A0-71B4389589A2} = {512586EF-5357-49E1-A5A0-71B4389589A2}
	EndProjectSection
EndProject
Project("{9A19103F-16F7-4668-BE54-9A1E7A4F7556}") = "ClassicGECHTML5", "ClassicGECHTML5\ClassicGECHTML5.csproj", "{CBC756D7-8BB7-4CEC-95C7-FDB9363BAC63}"
	ProjectSection(ProjectDependencies) = postProject
		{A7A666E0-2ADE-4496-A84A-267BBE68B5A1} = {A7A666E0-2ADE-4496-A84A-267BBE68B5A1}
	EndProjectSection
EndProject
Project("{9A19103F-16F7-4668-BE54-9A1E7A4F7556}") = "ClassicGECTSWrapper_Samples", "ClassicGECTSWrapper_Samples\ClassicGECTSWrapper_Samples.csproj", "{2574F603-4B6C-4A30-BFDD-E3BC09EEDFDF}"
EndProject
Project("{9A19103F-16F7-4668-BE54-9A1E7A4F7556}") = "HTML5CRN_Lib", "..\HTML5SharedGUI\HTML5CRN_Lib\HTML5CRN_Lib.csproj", "{B4C3F008-B6CA-4D63-9B98-6AC2D97B4E9B}"
EndProject
Project("{6EC3EE1D-3C4E-46DD-8F32-0CC8E7565705}") = "ClassicGECBrowserIntegrationTests", "ClassicGECBrowserIntegrationTests\ClassicGECBrowserIntegrationTests.fsproj", "{8B8E819B-1BA1-4559-BE26-FF0215614921}"
EndProject
Project("{9A19103F-16F7-4668-BE54-9A1E7A4F7556}") = "GenericComponents", "..\HTML5SharedGUI\GenericComponents\GenericComponents.csproj", "{4CD88A62-7023-4216-B37F-02FD6AF0595F}"
EndProject
Project("{6EC3EE1D-3C4E-46DD-8F32-0CC8E7565705}") = "CRNIntegrationTestLib", "..\CRNEngine\CRNIntegrationTestLib\CRNIntegrationTestLib.fsproj", "{37984538-A573-4A89-9EA7-AEAF95D2806A}"
EndProject
Project("{6EC3EE1D-3C4E-46DD-8F32-0CC8E7565705}") = "RulesDSDJS", "..\RulesDSD\RulesDSDJS\RulesDSDJS.fsproj", "{1203D047-DFC7-4F75-B232-F5F1479DF687}"
EndProject
Project("{6EC3EE1D-3C4E-46DD-8F32-0CC8E7565705}") = "Oslo.FSharp.WebSharper", "..\Oslo\Oslo.FSharp.WebSharper\Oslo.FSharp.WebSharper.fsproj", "{C873802D-E33F-4E84-844A-C21DC3B7788D}"
EndProject
Global
	GlobalSection(SolutionConfigurationPlatforms) = preSolution
		Debug|x64 = Debug|x64
		Release|x64 = Release|x64
	EndGlobalSection
	GlobalSection(ProjectConfigurationPlatforms) = postSolution
		{2F3B8603-CFF1-4946-B242-6F848801B49A}.Debug|Any CPU.ActiveCfg = Debug|Any CPU
		{2F3B8603-CFF1-4946-B242-6F848801B49A}.Debug|Any CPU.Build.0 = Debug|Any CPU
		{2F3B8603-CFF1-4946-B242-6F848801B49A}.Debug|x64.ActiveCfg = Debug|Any CPU
		{2F3B8603-CFF1-4946-B242-6F848801B49A}.Debug|x64.Build.0 = Debug|Any CPU
		{2F3B8603-CFF1-4946-B242-6F848801B49A}.Release|Any CPU.ActiveCfg = Release|Any CPU
		{2F3B8603-CFF1-4946-B242-6F848801B49A}.Release|Any CPU.Build.0 = Release|Any CPU
		{2F3B8603-CFF1-4946-B242-6F848801B49A}.Release|x64.ActiveCfg = Release|Any CPU
		{2F3B8603-CFF1-4946-B242-6F848801B49A}.Release|x64.Build.0 = Release|Any CPU
		{B234C1D7-96F4-40A2-A323-3B18646BF95C}.Debug|Any CPU.ActiveCfg = Debug|Any CPU
		{B234C1D7-96F4-40A2-A323-3B18646BF95C}.Debug|Any CPU.Build.0 = Debug|Any CPU
		{B234C1D7-96F4-40A2-A323-3B18646BF95C}.Debug|x64.ActiveCfg = Debug|Any CPU
		{B234C1D7-96F4-40A2-A323-3B18646BF95C}.Debug|x64.Build.0 = Debug|Any CPU
		{B234C1D7-96F4-40A2-A323-3B18646BF95C}.Release|Any CPU.ActiveCfg = Release|Any CPU
		{B234C1D7-96F4-40A2-A323-3B18646BF95C}.Release|Any CPU.Build.0 = Release|Any CPU
		{B234C1D7-96F4-40A2-A323-3B18646BF95C}.Release|x64.ActiveCfg = Release|Any CPU
		{B234C1D7-96F4-40A2-A323-3B18646BF95C}.Release|x64.Build.0 = Release|Any CPU
		{6DF7A0C1-2048-4A51-8599-E1C0B958A5E2}.Debug|Any CPU.ActiveCfg = Debug|Any CPU
		{6DF7A0C1-2048-4A51-8599-E1C0B958A5E2}.Debug|Any CPU.Build.0 = Debug|Any CPU
		{6DF7A0C1-2048-4A51-8599-E1C0B958A5E2}.Debug|x64.ActiveCfg = Debug|Any CPU
		{6DF7A0C1-2048-4A51-8599-E1C0B958A5E2}.Debug|x64.Build.0 = Debug|Any CPU
		{6DF7A0C1-2048-4A51-8599-E1C0B958A5E2}.Release|Any CPU.ActiveCfg = Release|Any CPU
		{6DF7A0C1-2048-4A51-8599-E1C0B958A5E2}.Release|Any CPU.Build.0 = Release|Any CPU
		{6DF7A0C1-2048-4A51-8599-E1C0B958A5E2}.Release|x64.ActiveCfg = Release|Any CPU
		{6DF7A0C1-2048-4A51-8599-E1C0B958A5E2}.Release|x64.Build.0 = Release|Any CPU
		{179FDF3E-67B8-4E2F-9089-650BB1319AF2}.Debug|Any CPU.ActiveCfg = Debug|Any CPU
		{179FDF3E-67B8-4E2F-9089-650BB1319AF2}.Debug|Any CPU.Build.0 = Debug|Any CPU
		{179FDF3E-67B8-4E2F-9089-650BB1319AF2}.Debug|x64.ActiveCfg = Debug|Any CPU
		{179FDF3E-67B8-4E2F-9089-650BB1319AF2}.Debug|x64.Build.0 = Debug|Any CPU
		{179FDF3E-67B8-4E2F-9089-650BB1319AF2}.Release|Any CPU.ActiveCfg = Release|Any CPU
		{179FDF3E-67B8-4E2F-9089-650BB1319AF2}.Release|Any CPU.Build.0 = Release|Any CPU
		{179FDF3E-67B8-4E2F-9089-650BB1319AF2}.Release|x64.ActiveCfg = Release|Any CPU
		{179FDF3E-67B8-4E2F-9089-650BB1319AF2}.Release|x64.Build.0 = Release|Any CPU
		{0ECCE305-85C0-403F-A980-EEB9379BD5A4}.Debug|Any CPU.ActiveCfg = Debug|Any CPU
		{0ECCE305-85C0-403F-A980-EEB9379BD5A4}.Debug|Any CPU.Build.0 = Debug|Any CPU
		{0ECCE305-85C0-403F-A980-EEB9379BD5A4}.Debug|x64.ActiveCfg = Debug|Any CPU
		{0ECCE305-85C0-403F-A980-EEB9379BD5A4}.Debug|x64.Build.0 = Debug|Any CPU
		{0ECCE305-85C0-403F-A980-EEB9379BD5A4}.Release|Any CPU.ActiveCfg = Release|Any CPU
		{0ECCE305-85C0-403F-A980-EEB9379BD5A4}.Release|Any CPU.Build.0 = Release|Any CPU
		{0ECCE305-85C0-403F-A980-EEB9379BD5A4}.Release|x64.ActiveCfg = Release|Any CPU
		{0ECCE305-85C0-403F-A980-EEB9379BD5A4}.Release|x64.Build.0 = Release|Any CPU
		{836AF075-6448-4CD9-8020-434B963FF5E2}.Debug|Any CPU.ActiveCfg = Debug|Any CPU
		{836AF075-6448-4CD9-8020-434B963FF5E2}.Debug|Any CPU.Build.0 = Debug|Any CPU
		{836AF075-6448-4CD9-8020-434B963FF5E2}.Debug|x64.ActiveCfg = Debug|Any CPU
		{836AF075-6448-4CD9-8020-434B963FF5E2}.Debug|x64.Build.0 = Debug|Any CPU
		{836AF075-6448-4CD9-8020-434B963FF5E2}.Release|Any CPU.ActiveCfg = Release|Any CPU
		{836AF075-6448-4CD9-8020-434B963FF5E2}.Release|Any CPU.Build.0 = Release|Any CPU
		{836AF075-6448-4CD9-8020-434B963FF5E2}.Release|x64.ActiveCfg = Release|Any CPU
		{836AF075-6448-4CD9-8020-434B963FF5E2}.Release|x64.Build.0 = Release|Any CPU
		{4DF94589-6870-4A4C-BFAE-5825EF4634E7}.Debug|Any CPU.ActiveCfg = Debug|Any CPU
		{4DF94589-6870-4A4C-BFAE-5825EF4634E7}.Debug|Any CPU.Build.0 = Debug|Any CPU
		{4DF94589-6870-4A4C-BFAE-5825EF4634E7}.Debug|x64.ActiveCfg = Debug|Any CPU
		{4DF94589-6870-4A4C-BFAE-5825EF4634E7}.Debug|x64.Build.0 = Debug|Any CPU
		{4DF94589-6870-4A4C-BFAE-5825EF4634E7}.Release|Any CPU.ActiveCfg = Release|Any CPU
		{4DF94589-6870-4A4C-BFAE-5825EF4634E7}.Release|Any CPU.Build.0 = Release|Any CPU
		{4DF94589-6870-4A4C-BFAE-5825EF4634E7}.Release|x64.ActiveCfg = Release|Any CPU
		{4DF94589-6870-4A4C-BFAE-5825EF4634E7}.Release|x64.Build.0 = Release|Any CPU
		{2EED2DFA-7D94-4E12-ADC5-455FC9F85BF9}.Debug|Any CPU.ActiveCfg = Debug|Any CPU
		{2EED2DFA-7D94-4E12-ADC5-455FC9F85BF9}.Debug|Any CPU.Build.0 = Debug|Any CPU
		{2EED2DFA-7D94-4E12-ADC5-455FC9F85BF9}.Debug|x64.ActiveCfg = Debug|Any CPU
		{2EED2DFA-7D94-4E12-ADC5-455FC9F85BF9}.Debug|x64.Build.0 = Debug|Any CPU
		{2EED2DFA-7D94-4E12-ADC5-455FC9F85BF9}.Release|Any CPU.ActiveCfg = Release|Any CPU
		{2EED2DFA-7D94-4E12-ADC5-455FC9F85BF9}.Release|Any CPU.Build.0 = Release|Any CPU
		{2EED2DFA-7D94-4E12-ADC5-455FC9F85BF9}.Release|x64.ActiveCfg = Release|Any CPU
		{2EED2DFA-7D94-4E12-ADC5-455FC9F85BF9}.Release|x64.Build.0 = Release|Any CPU
		{FB1F1936-AC22-41B4-AF2F-E20A486E3416}.Debug|Any CPU.ActiveCfg = Debug|Any CPU
		{FB1F1936-AC22-41B4-AF2F-E20A486E3416}.Debug|Any CPU.Build.0 = Debug|Any CPU
		{FB1F1936-AC22-41B4-AF2F-E20A486E3416}.Debug|x64.ActiveCfg = Debug|Any CPU
		{FB1F1936-AC22-41B4-AF2F-E20A486E3416}.Debug|x64.Build.0 = Debug|Any CPU
		{FB1F1936-AC22-41B4-AF2F-E20A486E3416}.Release|Any CPU.ActiveCfg = Release|Any CPU
		{FB1F1936-AC22-41B4-AF2F-E20A486E3416}.Release|Any CPU.Build.0 = Release|Any CPU
		{FB1F1936-AC22-41B4-AF2F-E20A486E3416}.Release|x64.ActiveCfg = Release|Any CPU
		{FB1F1936-AC22-41B4-AF2F-E20A486E3416}.Release|x64.Build.0 = Release|Any CPU
		{1CF4EE5A-8217-4D9A-89DE-55F8D01ACD40}.Debug|Any CPU.ActiveCfg = Debug|Any CPU
		{1CF4EE5A-8217-4D9A-89DE-55F8D01ACD40}.Debug|Any CPU.Build.0 = Debug|Any CPU
		{1CF4EE5A-8217-4D9A-89DE-55F8D01ACD40}.Debug|x64.ActiveCfg = Debug|Any CPU
		{1CF4EE5A-8217-4D9A-89DE-55F8D01ACD40}.Debug|x64.Build.0 = Debug|Any CPU
		{1CF4EE5A-8217-4D9A-89DE-55F8D01ACD40}.Release|Any CPU.ActiveCfg = Release|Any CPU
		{1CF4EE5A-8217-4D9A-89DE-55F8D01ACD40}.Release|Any CPU.Build.0 = Release|Any CPU
		{1CF4EE5A-8217-4D9A-89DE-55F8D01ACD40}.Release|x64.ActiveCfg = Release|Any CPU
		{1CF4EE5A-8217-4D9A-89DE-55F8D01ACD40}.Release|x64.Build.0 = Release|Any CPU
		{512586EF-5357-49E1-A5A0-71B4389589A2}.Debug|Any CPU.ActiveCfg = Debug|Any CPU
		{512586EF-5357-49E1-A5A0-71B4389589A2}.Debug|Any CPU.Build.0 = Debug|Any CPU
		{512586EF-5357-49E1-A5A0-71B4389589A2}.Debug|x64.ActiveCfg = Debug|Any CPU
		{512586EF-5357-49E1-A5A0-71B4389589A2}.Debug|x64.Build.0 = Debug|Any CPU
		{512586EF-5357-49E1-A5A0-71B4389589A2}.Release|Any CPU.ActiveCfg = Release|Any CPU
		{512586EF-5357-49E1-A5A0-71B4389589A2}.Release|Any CPU.Build.0 = Release|Any CPU
		{512586EF-5357-49E1-A5A0-71B4389589A2}.Release|x64.ActiveCfg = Release|Any CPU
		{512586EF-5357-49E1-A5A0-71B4389589A2}.Release|x64.Build.0 = Release|Any CPU
		{A7A666E0-2ADE-4496-A84A-267BBE68B5A1}.Debug|Any CPU.ActiveCfg = Debug|Any CPU
		{A7A666E0-2ADE-4496-A84A-267BBE68B5A1}.Debug|Any CPU.Build.0 = Debug|Any CPU
		{A7A666E0-2ADE-4496-A84A-267BBE68B5A1}.Debug|x64.ActiveCfg = Debug|Any CPU
		{A7A666E0-2ADE-4496-A84A-267BBE68B5A1}.Debug|x64.Build.0 = Debug|Any CPU
		{A7A666E0-2ADE-4496-A84A-267BBE68B5A1}.Release|Any CPU.ActiveCfg = Release|Any CPU
		{A7A666E0-2ADE-4496-A84A-267BBE68B5A1}.Release|Any CPU.Build.0 = Release|Any CPU
		{A7A666E0-2ADE-4496-A84A-267BBE68B5A1}.Release|x64.ActiveCfg = Release|Any CPU
		{A7A666E0-2ADE-4496-A84A-267BBE68B5A1}.Release|x64.Build.0 = Release|Any CPU
		{CBC756D7-8BB7-4CEC-95C7-FDB9363BAC63}.Debug|Any CPU.ActiveCfg = Debug|Any CPU
		{CBC756D7-8BB7-4CEC-95C7-FDB9363BAC63}.Debug|Any CPU.Build.0 = Debug|Any CPU
		{CBC756D7-8BB7-4CEC-95C7-FDB9363BAC63}.Debug|x64.ActiveCfg = Debug|Any CPU
		{CBC756D7-8BB7-4CEC-95C7-FDB9363BAC63}.Debug|x64.Build.0 = Debug|Any CPU
		{CBC756D7-8BB7-4CEC-95C7-FDB9363BAC63}.Release|Any CPU.ActiveCfg = Release|Any CPU
		{CBC756D7-8BB7-4CEC-95C7-FDB9363BAC63}.Release|Any CPU.Build.0 = Release|Any CPU
		{CBC756D7-8BB7-4CEC-95C7-FDB9363BAC63}.Release|x64.ActiveCfg = Release|Any CPU
		{CBC756D7-8BB7-4CEC-95C7-FDB9363BAC63}.Release|x64.Build.0 = Release|Any CPU
		{2574F603-4B6C-4A30-BFDD-E3BC09EEDFDF}.Debug|Any CPU.ActiveCfg = Debug|Any CPU
		{2574F603-4B6C-4A30-BFDD-E3BC09EEDFDF}.Debug|x64.ActiveCfg = Debug|Any CPU
		{2574F603-4B6C-4A30-BFDD-E3BC09EEDFDF}.Release|Any CPU.ActiveCfg = Release|Any CPU
		{2574F603-4B6C-4A30-BFDD-E3BC09EEDFDF}.Release|x64.ActiveCfg = Release|Any CPU
		{B4C3F008-B6CA-4D63-9B98-6AC2D97B4E9B}.Debug|Any CPU.ActiveCfg = Debug|Any CPU
		{B4C3F008-B6CA-4D63-9B98-6AC2D97B4E9B}.Debug|Any CPU.Build.0 = Debug|Any CPU
		{B4C3F008-B6CA-4D63-9B98-6AC2D97B4E9B}.Debug|x64.ActiveCfg = Debug|Any CPU
		{B4C3F008-B6CA-4D63-9B98-6AC2D97B4E9B}.Debug|x64.Build.0 = Debug|Any CPU
		{B4C3F008-B6CA-4D63-9B98-6AC2D97B4E9B}.Release|Any CPU.ActiveCfg = Release|Any CPU
		{B4C3F008-B6CA-4D63-9B98-6AC2D97B4E9B}.Release|Any CPU.Build.0 = Release|Any CPU
		{B4C3F008-B6CA-4D63-9B98-6AC2D97B4E9B}.Release|x64.ActiveCfg = Release|Any CPU
		{B4C3F008-B6CA-4D63-9B98-6AC2D97B4E9B}.Release|x64.Build.0 = Release|Any CPU
		{8B8E819B-1BA1-4559-BE26-FF0215614921}.Debug|Any CPU.ActiveCfg = Debug|x64
		{8B8E819B-1BA1-4559-BE26-FF0215614921}.Debug|Any CPU.Build.0 = Debug|x64
		{8B8E819B-1BA1-4559-BE26-FF0215614921}.Debug|x64.ActiveCfg = Debug|x64
		{8B8E819B-1BA1-4559-BE26-FF0215614921}.Debug|x64.Build.0 = Debug|x64
		{8B8E819B-1BA1-4559-BE26-FF0215614921}.Release|Any CPU.ActiveCfg = Release|x64
		{8B8E819B-1BA1-4559-BE26-FF0215614921}.Release|x64.ActiveCfg = Release|x64
		{8B8E819B-1BA1-4559-BE26-FF0215614921}.Release|x64.Build.0 = Release|x64
		{4CD88A62-7023-4216-B37F-02FD6AF0595F}.Debug|Any CPU.ActiveCfg = Debug|Any CPU
		{4CD88A62-7023-4216-B37F-02FD6AF0595F}.Debug|Any CPU.Build.0 = Debug|Any CPU
		{4CD88A62-7023-4216-B37F-02FD6AF0595F}.Debug|x64.ActiveCfg = Debug|Any CPU
		{4CD88A62-7023-4216-B37F-02FD6AF0595F}.Debug|x64.Build.0 = Debug|Any CPU
		{4CD88A62-7023-4216-B37F-02FD6AF0595F}.Release|Any CPU.ActiveCfg = Release|Any CPU
		{4CD88A62-7023-4216-B37F-02FD6AF0595F}.Release|Any CPU.Build.0 = Release|Any CPU
		{4CD88A62-7023-4216-B37F-02FD6AF0595F}.Release|x64.ActiveCfg = Release|Any CPU
		{4CD88A62-7023-4216-B37F-02FD6AF0595F}.Release|x64.Build.0 = Release|Any CPU
		{37984538-A573-4A89-9EA7-AEAF95D2806A}.Debug|Any CPU.ActiveCfg = Debug|Any CPU
		{37984538-A573-4A89-9EA7-AEAF95D2806A}.Debug|Any CPU.Build.0 = Debug|Any CPU
		{37984538-A573-4A89-9EA7-AEAF95D2806A}.Debug|x64.ActiveCfg = Debug|Any CPU
		{37984538-A573-4A89-9EA7-AEAF95D2806A}.Debug|x64.Build.0 = Debug|Any CPU
		{37984538-A573-4A89-9EA7-AEAF95D2806A}.Release|Any CPU.ActiveCfg = Release|Any CPU
		{37984538-A573-4A89-9EA7-AEAF95D2806A}.Release|Any CPU.Build.0 = Release|Any CPU
		{37984538-A573-4A89-9EA7-AEAF95D2806A}.Release|x64.ActiveCfg = Release|Any CPU
		{37984538-A573-4A89-9EA7-AEAF95D2806A}.Release|x64.Build.0 = Release|Any CPU
		{1203D047-DFC7-4F75-B232-F5F1479DF687}.Debug|Any CPU.ActiveCfg = Debug|Any CPU
		{1203D047-DFC7-4F75-B232-F5F1479DF687}.Debug|Any CPU.Build.0 = Debug|Any CPU
		{1203D047-DFC7-4F75-B232-F5F1479DF687}.Debug|x64.ActiveCfg = Debug|Any CPU
		{1203D047-DFC7-4F75-B232-F5F1479DF687}.Debug|x64.Build.0 = Debug|Any CPU
		{1203D047-DFC7-4F75-B232-F5F1479DF687}.Release|Any CPU.ActiveCfg = Release|Any CPU
		{1203D047-DFC7-4F75-B232-F5F1479DF687}.Release|Any CPU.Build.0 = Release|Any CPU
		{1203D047-DFC7-4F75-B232-F5F1479DF687}.Release|x64.ActiveCfg = Release|Any CPU
		{1203D047-DFC7-4F75-B232-F5F1479DF687}.Release|x64.Build.0 = Release|Any CPU
		{C873802D-E33F-4E84-844A-C21DC3B7788D}.Debug|Any CPU.ActiveCfg = Debug|Any CPU
		{C873802D-E33F-4E84-844A-C21DC3B7788D}.Debug|Any CPU.Build.0 = Debug|Any CPU
		{C873802D-E33F-4E84-844A-C21DC3B7788D}.Debug|x64.ActiveCfg = Debug|Any CPU
		{C873802D-E33F-4E84-844A-C21DC3B7788D}.Debug|x64.Build.0 = Debug|Any CPU
		{C873802D-E33F-4E84-844A-C21DC3B7788D}.Release|Any CPU.ActiveCfg = Release|Any CPU
		{C873802D-E33F-4E84-844A-C21DC3B7788D}.Release|Any CPU.Build.0 = Release|Any CPU
		{C873802D-E33F-4E84-844A-C21DC3B7788D}.Release|x64.ActiveCfg = Release|Any CPU
		{C873802D-E33F-4E84-844A-C21DC3B7788D}.Release|x64.Build.0 = Release|Any CPU
	EndGlobalSection
	GlobalSection(SolutionProperties) = preSolution
		HideSolutionNode = FALSE
	EndGlobalSection
	GlobalSection(ExtensibilityGlobals) = postSolution
		SolutionGuid = {B7CBE076-B324-473D-9A42-7AE164D8F1E0}
	EndGlobalSection
EndGlobal
