
Microsoft Visual Studio Solution File, Format Version 12.00
# Visual Studio 15
VisualStudioVersion = 15.0.28307.645
MinimumVisualStudioVersion = 10.0.40219.1
Project("{6EC3EE1D-3C4E-46DD-8F32-0CC8E7565705}") = "MomentClosure", "MomentClosure\MomentClosure.fsproj", "{5D417D97-CC0E-4415-968D-97E16FF131D5}"
EndProject
Project("{6EC3EE1D-3C4E-46DD-8F32-0CC8E7565705}") = "CRNEngineDotNet", "..\CRNEngine\CRNEngineDotNet\CRNEngineDotNet.fsproj", "{AE45211A-A65D-4827-A1F9-07A20EB0F154}"
EndProject
Project("{8BC9CEB8-8B4A-11D0-8D11-00A0C91BC942}") = "SundialsSolver15", "..\SundialsSolver\SundialsSolver15\SundialsSolver15.vcxproj", "{866880DC-BF1E-4C12-8238-72E7EFF44AFB}"
EndProject
Project("{6EC3EE1D-3C4E-46DD-8F32-0CC8E7565705}") = "ParserCombinators", "..\ParserCombinators\ParserCombinators\ParserCombinators.fsproj", "{DD8FEC26-6D1D-4642-A706-04070B6D5494}"
EndProject
Global
	GlobalSection(SolutionConfigurationPlatforms) = preSolution
		Debug|x64 = Debug|x64
		Release|x64 = Release|x64
	EndGlobalSection
	GlobalSection(ProjectConfigurationPlatforms) = postSolution
		{5D417D97-CC0E-4415-968D-97E16FF131D5}.Debug|x64.ActiveCfg = Debug|Any CPU
		{5D417D97-CC0E-4415-968D-97E16FF131D5}.Debug|x64.Build.0 = Debug|Any CPU
		{5D417D97-CC0E-4415-968D-97E16FF131D5}.Release|x64.ActiveCfg = Release|Any CPU
		{5D417D97-CC0E-4415-968D-97E16FF131D5}.Release|x64.Build.0 = Release|Any CPU
		{AE45211A-A65D-4827-A1F9-07A20EB0F154}.Debug|x64.ActiveCfg = Debug|Any CPU
		{AE45211A-A65D-4827-A1F9-07A20EB0F154}.Debug|x64.Build.0 = Debug|Any CPU
		{AE45211A-A65D-4827-A1F9-07A20EB0F154}.Release|x64.ActiveCfg = Release|Any CPU
		{AE45211A-A65D-4827-A1F9-07A20EB0F154}.Release|x64.Build.0 = Release|Any CPU
		{866880DC-BF1E-4C12-8238-72E7EFF44AFB}.Debug|x64.ActiveCfg = Debug|x64
		{866880DC-BF1E-4C12-8238-72E7EFF44AFB}.Debug|x64.Build.0 = Debug|x64
		{866880DC-BF1E-4C12-8238-72E7EFF44AFB}.Release|x64.ActiveCfg = Release|x64
		{866880DC-BF1E-4C12-8238-72E7EFF44AFB}.Release|x64.Build.0 = Release|x64
		{DD8FEC26-6D1D-4642-A706-04070B6D5494}.Debug|x64.ActiveCfg = Debug|Any CPU
		{DD8FEC26-6D1D-4642-A706-04070B6D5494}.Debug|x64.Build.0 = Debug|Any CPU
		{DD8FEC26-6D1D-4642-A706-04070B6D5494}.Release|x64.ActiveCfg = Release|Any CPU
		{DD8FEC26-6D1D-4642-A706-04070B6D5494}.Release|x64.Build.0 = Release|Any CPU
	EndGlobalSection
	GlobalSection(SolutionProperties) = preSolution
		HideSolutionNode = FALSE
	EndGlobalSection
	GlobalSection(ExtensibilityGlobals) = postSolution
		SolutionGuid = {2CC2C4E7-D6A1-443C-862E-4E17D2B9BC72}
	EndGlobalSection
EndGlobal
